{"SurveyEntry":{"SurveyID":"SV_3qo4BCdxToFRngi","SurveyName":"CAC Template_1 Profile_Blank","SurveyDescription":null,"SurveyOwnerID":"UR_9z7PXY7DpUCQ46N","SurveyBrandID":"dartmouth","DivisionID":null,"SurveyLanguage":"EN","SurveyActiveResponseSet":"RS_8rdCHu7bqgEhyJg","SurveyStatus":"Inactive","SurveyStartDate":"0000-00-00 00:00:00","SurveyExpirationDate":"0000-00-00 00:00:00","SurveyCreationDate":"2024-11-22 13:13:57","CreatorID":"UR_9z7PXY7DpUCQ46N","LastModified":"2024-11-23 10:56:33","LastAccessed":"0000-00-00 00:00:00","LastActivated":"0000-00-00 00:00:00","Deleted":null},"SurveyElements":[{"SurveyID":"SV_3qo4BCdxToFRngi","Element":"BL","PrimaryAttribute":"Survey Blocks","SecondaryAttribute":null,"TertiaryAttribute":null,"Payload":{"1":{"Type":"Trash","Description":"Trash \/ Unused Questions","ID":"BL_0kPj96zzKggZ1ci","BlockElements":[],"Options":{"BlockLocking":"false","RandomizeQuestions":"false","BlockVisibility":"Collapsed"}},"12":{"Type":"Standard","SubType":"","Description":"CAC","ID":"BL_3Rcu3PAPz59xvH8","BlockElements":[{"Type":"Question","QuestionID":"QID29"},{"Type":"Question","QuestionID":"QID57"}],"Options":{"BlockLocking":"false","RandomizeQuestions":"false","BlockVisibility":"Collapsed"}},"14":{"Type":"Standard","SubType":"","Description":"task1","ID":"BL_exQpB2bZNKgfgz4","BlockElements":[{"Type":"Question","QuestionID":"QID63"},{"Type":"Question","QuestionID":"QID131"}],"Options":{"BlockLocking":"false","RandomizeQuestions":"false","BlockVisibility":"Expanded"}},"25":{"Type":"Standard","SubType":"","Description":"CAC Questions","ID":"BL_dpuXubYaTdXk8kK","BlockElements":[{"Type":"Question","QuestionID":"QID59"},{"Type":"Page Break"},{"Type":"Question","QuestionID":"QID60"},{"Type":"Page Break"},{"Type":"Question","QuestionID":"QID61"}],"Options":{"BlockLocking":"false","RandomizeQuestions":"false","BlockVisibility":"Collapsed"}},"29":{"Type":"Standard","SubType":"","Description":"task2","ID":"BL_9Xh2fCrD9rFjs2y","BlockElements":[{"Type":"Question","QuestionID":"QID138"},{"Type":"Question","QuestionID":"QID139"}],"Options":{"BlockLocking":false,"RandomizeQuestions":"false","BlockVisibility":"Expanded"}},"33":{"Type":"Standard","SubType":"","Description":"Readme","ID":"BL_cCt0aZvMkYOnxJA","BlockElements":[{"Type":"Question","QuestionID":"QID137"}],"Options":{"BlockLocking":"false","RandomizeQuestions":"false","BlockVisibility":"Expanded"}}}},{"SurveyID":"SV_3qo4BCdxToFRngi","Element":"FL","PrimaryAttribute":"Survey Flow","SecondaryAttribute":null,"TertiaryAttribute":null,"Payload":{"Type":"Root","FlowID":"FL_1","Flow":[{"Type":"Standard","ID":"BL_cCt0aZvMkYOnxJA","FlowID":"FL_1201","Autofill":[]},{"Type":"BlockRandomizer","FlowID":"FL_1220","SubSet":1,"Flow":[{"Type":"EmbeddedData","FlowID":"FL_1221","EmbeddedData":[{"Description":"attribute1_task1","Type":"Custom","Field":"attribute1_task1","VariableType":"String","DataVisibility":[],"AnalyzeText":false,"Value":"level1"}]},{"Type":"EmbeddedData","FlowID":"FL_1222","EmbeddedData":[{"Description":"attribute1_task1","Type":"Custom","Field":"attribute1_task1","VariableType":"String","DataVisibility":[],"AnalyzeText":false,"Value":"level2"}]},{"Type":"EmbeddedData","FlowID":"FL_1223","EmbeddedData":[{"Description":"attribute1_task1","Type":"Custom","Field":"attribute1_task1","VariableType":"String","DataVisibility":[],"AnalyzeText":false,"Value":"level3"}]}]},{"Type":"BlockRandomizer","FlowID":"FL_1236","SubSet":1,"Flow":[{"Type":"EmbeddedData","FlowID":"FL_1237","EmbeddedData":[{"Description":"attribute1_task2","Type":"Custom","Field":"attribute1_task2","VariableType":"String","DataVisibility":[],"AnalyzeText":false,"Value":"level1"}]},{"Type":"EmbeddedData","FlowID":"FL_1238","EmbeddedData":[{"Description":"attribute1_task2","Type":"Custom","Field":"attribute1_task2","VariableType":"String","DataVisibility":[],"AnalyzeText":false,"Value":"level2"}]},{"Type":"EmbeddedData","FlowID":"FL_1239","EmbeddedData":[{"Description":"attribute1_task2","Type":"Custom","Field":"attribute1_task2","VariableType":"String","DataVisibility":[],"AnalyzeText":false,"Value":"level3"}]}]},{"Type":"BlockRandomizer","FlowID":"FL_1232","SubSet":1,"Flow":[{"Type":"EmbeddedData","FlowID":"FL_1233","EmbeddedData":[{"Description":"attribute1_task3","Type":"Custom","Field":"attribute1_task3","VariableType":"String","DataVisibility":[],"AnalyzeText":false,"Value":"level1"}]},{"Type":"EmbeddedData","FlowID":"FL_1234","EmbeddedData":[{"Description":"attribute1_task3","Type":"Custom","Field":"attribute1_task3","VariableType":"String","DataVisibility":[],"AnalyzeText":false,"Value":"level2"}]},{"Type":"EmbeddedData","FlowID":"FL_1235","EmbeddedData":[{"Description":"attribute1_task3","Type":"Custom","Field":"attribute1_task3","VariableType":"String","DataVisibility":[],"AnalyzeText":false,"Value":"level3"}]}]},{"Type":"BlockRandomizer","FlowID":"FL_1228","SubSet":1,"Flow":[{"Type":"EmbeddedData","FlowID":"FL_1229","EmbeddedData":[{"Description":"attribute1_task4","Type":"Custom","Field":"attribute1_task4","VariableType":"String","DataVisibility":[],"AnalyzeText":false,"Value":"level1"}]},{"Type":"EmbeddedData","FlowID":"FL_1230","EmbeddedData":[{"Description":"attribute1_task4","Type":"Custom","Field":"attribute1_task4","VariableType":"String","DataVisibility":[],"AnalyzeText":false,"Value":"level2"}]},{"Type":"EmbeddedData","FlowID":"FL_1231","EmbeddedData":[{"Description":"attribute1_task4","Type":"Custom","Field":"attribute1_task4","VariableType":"String","DataVisibility":[],"AnalyzeText":false,"Value":"level3"}]}]},{"Type":"BlockRandomizer","FlowID":"FL_1224","SubSet":1,"Flow":[{"Type":"EmbeddedData","FlowID":"FL_1225","EmbeddedData":[{"Description":"attribute1_task5","Type":"Custom","Field":"attribute1_task5","VariableType":"String","DataVisibility":[],"AnalyzeText":false,"Value":"level1"}]},{"Type":"EmbeddedData","FlowID":"FL_1226","EmbeddedData":[{"Description":"attribute1_task5","Type":"Custom","Field":"attribute1_task5","VariableType":"String","DataVisibility":[],"AnalyzeText":false,"Value":"level2"}]},{"Type":"EmbeddedData","FlowID":"FL_1227","EmbeddedData":[{"Description":"attribute1_task5","Type":"Custom","Field":"attribute1_task5","VariableType":"String","DataVisibility":[],"AnalyzeText":false,"Value":"level3"}]}]},{"Type":"BlockRandomizer","FlowID":"FL_1240","SubSet":1,"Flow":[{"Type":"EmbeddedData","FlowID":"FL_1241","EmbeddedData":[{"Description":"attribute2_task1","Type":"Custom","Field":"attribute2_task1","VariableType":"String","DataVisibility":[],"AnalyzeText":false,"Value":"level1"}]},{"Type":"EmbeddedData","FlowID":"FL_1242","EmbeddedData":[{"Description":"attribute2_task1","Type":"Custom","Field":"attribute2_task1","VariableType":"String","DataVisibility":[],"AnalyzeText":false,"Value":"level2"}]},{"Type":"EmbeddedData","FlowID":"FL_1243","EmbeddedData":[{"Description":"attribute2_task1","Type":"Custom","Field":"attribute2_task1","VariableType":"String","DataVisibility":[],"AnalyzeText":false,"Value":"level3"}]}]},{"Type":"BlockRandomizer","FlowID":"FL_1260","SubSet":1,"Flow":[{"Type":"EmbeddedData","FlowID":"FL_1261","EmbeddedData":[{"Description":"attribute2_task2","Type":"Custom","Field":"attribute2_task2","VariableType":"String","DataVisibility":[],"AnalyzeText":false,"Value":"level1"}]},{"Type":"EmbeddedData","FlowID":"FL_1262","EmbeddedData":[{"Description":"attribute2_task2","Type":"Custom","Field":"attribute2_task2","VariableType":"String","DataVisibility":[],"AnalyzeText":false,"Value":"level2"}]},{"Type":"EmbeddedData","FlowID":"FL_1263","EmbeddedData":[{"Description":"attribute2_task2","Type":"Custom","Field":"attribute2_task2","VariableType":"String","DataVisibility":[],"AnalyzeText":false,"Value":"level3"}]}]},{"Type":"BlockRandomizer","FlowID":"FL_1256","SubSet":1,"Flow":[{"Type":"EmbeddedData","FlowID":"FL_1257","EmbeddedData":[{"Description":"attribute2_task3","Type":"Custom","Field":"attribute2_task3","VariableType":"String","DataVisibility":[],"AnalyzeText":false,"Value":"level1"}]},{"Type":"EmbeddedData","FlowID":"FL_1258","EmbeddedData":[{"Description":"attribute2_task3","Type":"Custom","Field":"attribute2_task3","VariableType":"String","DataVisibility":[],"AnalyzeText":false,"Value":"level2"}]},{"Type":"EmbeddedData","FlowID":"FL_1259","EmbeddedData":[{"Description":"attribute2_task3","Type":"Custom","Field":"attribute2_task3","VariableType":"String","DataVisibility":[],"AnalyzeText":false,"Value":"level3"}]}]},{"Type":"BlockRandomizer","FlowID":"FL_1252","SubSet":1,"Flow":[{"Type":"EmbeddedData","FlowID":"FL_1253","EmbeddedData":[{"Description":"attribute2_task4","Type":"Custom","Field":"attribute2_task4","VariableType":"String","DataVisibility":[],"AnalyzeText":false,"Value":"level1"}]},{"Type":"EmbeddedData","FlowID":"FL_1254","EmbeddedData":[{"Description":"attribute2_task4","Type":"Custom","Field":"attribute2_task4","VariableType":"String","DataVisibility":[],"AnalyzeText":false,"Value":"level2"}]},{"Type":"EmbeddedData","FlowID":"FL_1255","EmbeddedData":[{"Description":"attribute2_task4","Type":"Custom","Field":"attribute2_task4","VariableType":"String","DataVisibility":[],"AnalyzeText":false,"Value":"level3"}]}]},{"Type":"BlockRandomizer","FlowID":"FL_1248","SubSet":1,"Flow":[{"Type":"EmbeddedData","FlowID":"FL_1249","EmbeddedData":[{"Description":"attribute2_task5","Type":"Custom","Field":"attribute2_task5","VariableType":"String","DataVisibility":[],"AnalyzeText":false,"Value":"level1"}]},{"Type":"EmbeddedData","FlowID":"FL_1250","EmbeddedData":[{"Description":"attribute2_task5","Type":"Custom","Field":"attribute2_task5","VariableType":"String","DataVisibility":[],"AnalyzeText":false,"Value":"level2"}]},{"Type":"EmbeddedData","FlowID":"FL_1251","EmbeddedData":[{"Description":"attribute2_task5","Type":"Custom","Field":"attribute2_task5","VariableType":"String","DataVisibility":[],"AnalyzeText":false,"Value":"level3"}]}]},{"Type":"BlockRandomizer","FlowID":"FL_1244","SubSet":1,"Flow":[{"Type":"EmbeddedData","FlowID":"FL_1245","EmbeddedData":[{"Description":"attribute3_task1","Type":"Custom","Field":"attribute3_task1","VariableType":"String","DataVisibility":[],"AnalyzeText":false,"Value":"level1"}]},{"Type":"EmbeddedData","FlowID":"FL_1246","EmbeddedData":[{"Description":"attribute3_task1","Type":"Custom","Field":"attribute3_task1","VariableType":"String","DataVisibility":[],"AnalyzeText":false,"Value":"level2"}]},{"Type":"EmbeddedData","FlowID":"FL_1247","EmbeddedData":[{"Description":"attribute3_task1","Type":"Custom","Field":"attribute3_task1","VariableType":"String","DataVisibility":[],"AnalyzeText":false,"Value":"level3"}]}]},{"Type":"BlockRandomizer","FlowID":"FL_1280","SubSet":1,"Flow":[{"Type":"EmbeddedData","FlowID":"FL_1281","EmbeddedData":[{"Description":"attribute3_task2","Type":"Custom","Field":"attribute3_task2","VariableType":"String","DataVisibility":[],"AnalyzeText":false,"Value":"level1"}]},{"Type":"EmbeddedData","FlowID":"FL_1282","EmbeddedData":[{"Description":"attribute3_task2","Type":"Custom","Field":"attribute3_task2","VariableType":"String","DataVisibility":[],"AnalyzeText":false,"Value":"level2"}]},{"Type":"EmbeddedData","FlowID":"FL_1283","EmbeddedData":[{"Description":"attribute3_task2","Type":"Custom","Field":"attribute3_task2","VariableType":"String","DataVisibility":[],"AnalyzeText":false,"Value":"level3"}]}]},{"Type":"BlockRandomizer","FlowID":"FL_1276","SubSet":1,"Flow":[{"Type":"EmbeddedData","FlowID":"FL_1277","EmbeddedData":[{"Description":"attribute3_task3","Type":"Custom","Field":"attribute3_task3","VariableType":"String","DataVisibility":[],"AnalyzeText":false,"Value":"level1"}]},{"Type":"EmbeddedData","FlowID":"FL_1278","EmbeddedData":[{"Description":"attribute3_task3","Type":"Custom","Field":"attribute3_task3","VariableType":"String","DataVisibility":[],"AnalyzeText":false,"Value":"level2"}]},{"Type":"EmbeddedData","FlowID":"FL_1279","EmbeddedData":[{"Description":"attribute3_task3","Type":"Custom","Field":"attribute3_task3","VariableType":"String","DataVisibility":[],"AnalyzeText":false,"Value":"level3"}]}]},{"Type":"BlockRandomizer","FlowID":"FL_1272","SubSet":1,"Flow":[{"Type":"EmbeddedData","FlowID":"FL_1273","EmbeddedData":[{"Description":"attribute3_task4","Type":"Custom","Field":"attribute3_task4","VariableType":"String","DataVisibility":[],"AnalyzeText":false,"Value":"level1"}]},{"Type":"EmbeddedData","FlowID":"FL_1274","EmbeddedData":[{"Description":"attribute3_task4","Type":"Custom","Field":"attribute3_task4","VariableType":"String","DataVisibility":[],"AnalyzeText":false,"Value":"level2"}]},{"Type":"EmbeddedData","FlowID":"FL_1275","EmbeddedData":[{"Description":"attribute3_task4","Type":"Custom","Field":"attribute3_task4","VariableType":"String","DataVisibility":[],"AnalyzeText":false,"Value":"level3"}]}]},{"Type":"BlockRandomizer","FlowID":"FL_1268","SubSet":1,"Flow":[{"Type":"EmbeddedData","FlowID":"FL_1269","EmbeddedData":[{"Description":"attribute3_task5","Type":"Custom","Field":"attribute3_task5","VariableType":"String","DataVisibility":[],"AnalyzeText":false,"Value":"level1"}]},{"Type":"EmbeddedData","FlowID":"FL_1270","EmbeddedData":[{"Description":"attribute3_task5","Type":"Custom","Field":"attribute3_task5","VariableType":"String","DataVisibility":[],"AnalyzeText":false,"Value":"level2"}]},{"Type":"EmbeddedData","FlowID":"FL_1271","EmbeddedData":[{"Description":"attribute3_task5","Type":"Custom","Field":"attribute3_task5","VariableType":"String","DataVisibility":[],"AnalyzeText":false,"Value":"level3"}]}]},{"Type":"BlockRandomizer","FlowID":"FL_1264","SubSet":1,"Flow":[{"Type":"EmbeddedData","FlowID":"FL_1265","EmbeddedData":[{"Description":"attribute4_task1","Type":"Custom","Field":"attribute4_task1","VariableType":"String","DataVisibility":[],"AnalyzeText":false,"Value":"level1"}]},{"Type":"EmbeddedData","FlowID":"FL_1266","EmbeddedData":[{"Description":"attribute4_task1","Type":"Custom","Field":"attribute4_task1","VariableType":"String","DataVisibility":[],"AnalyzeText":false,"Value":"level2"}]},{"Type":"EmbeddedData","FlowID":"FL_1267","EmbeddedData":[{"Description":"attribute4_task1","Type":"Custom","Field":"attribute4_task1","VariableType":"String","DataVisibility":[],"AnalyzeText":false,"Value":"level3"}]}]},{"Type":"BlockRandomizer","FlowID":"FL_1300","SubSet":1,"Flow":[{"Type":"EmbeddedData","FlowID":"FL_1301","EmbeddedData":[{"Description":"attribute4_task2","Type":"Custom","Field":"attribute4_task2","VariableType":"String","DataVisibility":[],"AnalyzeText":false,"Value":"level1"}]},{"Type":"EmbeddedData","FlowID":"FL_1302","EmbeddedData":[{"Description":"attribute4_task2","Type":"Custom","Field":"attribute4_task2","VariableType":"String","DataVisibility":[],"AnalyzeText":false,"Value":"level2"}]},{"Type":"EmbeddedData","FlowID":"FL_1303","EmbeddedData":[{"Description":"attribute4_task2","Type":"Custom","Field":"attribute4_task2","VariableType":"String","DataVisibility":[],"AnalyzeText":false,"Value":"level3"}]}]},{"Type":"BlockRandomizer","FlowID":"FL_1296","SubSet":1,"Flow":[{"Type":"EmbeddedData","FlowID":"FL_1297","EmbeddedData":[{"Description":"attribute4_task3","Type":"Custom","Field":"attribute4_task3","VariableType":"String","DataVisibility":[],"AnalyzeText":false,"Value":"level1"}]},{"Type":"EmbeddedData","FlowID":"FL_1298","EmbeddedData":[{"Description":"attribute4_task4","Type":"Custom","Field":"attribute4_task4","VariableType":"String","DataVisibility":[],"AnalyzeText":false,"Value":"level2"}]},{"Type":"EmbeddedData","FlowID":"FL_1299","EmbeddedData":[{"Description":"attribute4_task4","Type":"Custom","Field":"attribute4_task4","VariableType":"String","DataVisibility":[],"AnalyzeText":false,"Value":"level3"}]}]},{"Type":"BlockRandomizer","FlowID":"FL_1292","SubSet":1,"Flow":[{"Type":"EmbeddedData","FlowID":"FL_1293","EmbeddedData":[{"Description":"attribute4_task5","Type":"Custom","Field":"attribute4_task5","VariableType":"String","DataVisibility":[],"AnalyzeText":false,"Value":"level1"}]},{"Type":"EmbeddedData","FlowID":"FL_1294","EmbeddedData":[{"Description":"attribute4_task5","Type":"Custom","Field":"attribute4_task5","VariableType":"String","DataVisibility":[],"AnalyzeText":false,"Value":"level2"}]},{"Type":"EmbeddedData","FlowID":"FL_1295","EmbeddedData":[{"Description":"attribute4_task5","Type":"Custom","Field":"attribute4_task5","VariableType":"String","DataVisibility":[],"AnalyzeText":false,"Value":"level3"}]}]},{"Type":"BlockRandomizer","FlowID":"FL_1288","SubSet":1,"Flow":[{"Type":"EmbeddedData","FlowID":"FL_1289","EmbeddedData":[{"Description":"attribute5_task1","Type":"Custom","Field":"attribute5_task1","VariableType":"String","DataVisibility":[],"AnalyzeText":false,"Value":"level1"}]},{"Type":"EmbeddedData","FlowID":"FL_1290","EmbeddedData":[{"Description":"attribute5_task1","Type":"Custom","Field":"attribute5_task1","VariableType":"String","DataVisibility":[],"AnalyzeText":false,"Value":"level2"}]},{"Type":"EmbeddedData","FlowID":"FL_1291","EmbeddedData":[{"Description":"attribute5_task1","Type":"Custom","Field":"attribute5_task1","VariableType":"String","DataVisibility":[],"AnalyzeText":false,"Value":"level3"}]}]},{"Type":"BlockRandomizer","FlowID":"FL_1316","SubSet":1,"Flow":[{"Type":"EmbeddedData","FlowID":"FL_1317","EmbeddedData":[{"Description":"attribute5_task2","Type":"Custom","Field":"attribute5_task2","VariableType":"String","DataVisibility":[],"AnalyzeText":false,"Value":"level1"}]},{"Type":"EmbeddedData","FlowID":"FL_1318","EmbeddedData":[{"Description":"attribute5_task2","Type":"Custom","Field":"attribute5_task2","VariableType":"String","DataVisibility":[],"AnalyzeText":false,"Value":"level2"}]},{"Type":"EmbeddedData","FlowID":"FL_1319","EmbeddedData":[{"Description":"attribute5_task2","Type":"Custom","Field":"attribute5_task2","VariableType":"String","DataVisibility":[],"AnalyzeText":false,"Value":"level3"}]}]},{"Type":"BlockRandomizer","FlowID":"FL_1312","SubSet":1,"Flow":[{"Type":"EmbeddedData","FlowID":"FL_1313","EmbeddedData":[{"Description":"attribute5_task3","Type":"Custom","Field":"attribute5_task3","VariableType":"String","DataVisibility":[],"AnalyzeText":false,"Value":"level1"}]},{"Type":"EmbeddedData","FlowID":"FL_1314","EmbeddedData":[{"Description":"attribute5_task3","Type":"Custom","Field":"attribute5_task3","VariableType":"String","DataVisibility":[],"AnalyzeText":false,"Value":"level2"}]},{"Type":"EmbeddedData","FlowID":"FL_1315","EmbeddedData":[{"Description":"attribute5_task3","Type":"Custom","Field":"attribute5_task3","VariableType":"String","DataVisibility":[],"AnalyzeText":false,"Value":"level3"}]}]},{"Type":"BlockRandomizer","FlowID":"FL_1308","SubSet":1,"Flow":[{"Type":"EmbeddedData","FlowID":"FL_1309","EmbeddedData":[{"Description":"attribute5_task4","Type":"Custom","Field":"attribute5_task4","VariableType":"String","DataVisibility":[],"AnalyzeText":false,"Value":"level1"}]},{"Type":"EmbeddedData","FlowID":"FL_1310","EmbeddedData":[{"Description":"attribute5_task4","Type":"Custom","Field":"attribute5_task4","VariableType":"String","DataVisibility":[],"AnalyzeText":false,"Value":"level2"}]},{"Type":"EmbeddedData","FlowID":"FL_1311","EmbeddedData":[{"Description":"attribute5_task4","Type":"Custom","Field":"attribute5_task4","VariableType":"String","DataVisibility":[],"AnalyzeText":false,"Value":"level3"}]}]},{"Type":"BlockRandomizer","FlowID":"FL_1304","SubSet":1,"Flow":[{"Type":"EmbeddedData","FlowID":"FL_1305","EmbeddedData":[{"Description":"attribute5_task5","Type":"Custom","Field":"attribute5_task5","VariableType":"String","DataVisibility":[],"AnalyzeText":false,"Value":"level1"}]},{"Type":"EmbeddedData","FlowID":"FL_1306","EmbeddedData":[{"Description":"attribute5_task5","Type":"Custom","Field":"attribute5_task5","VariableType":"String","DataVisibility":[],"AnalyzeText":false,"Value":"level2"}]},{"Type":"EmbeddedData","FlowID":"FL_1307","EmbeddedData":[{"Description":"attribute5_task5","Type":"Custom","Field":"attribute5_task5","VariableType":"String","DataVisibility":[],"AnalyzeText":false,"Value":"level3"}]}]},{"Type":"Block","ID":"BL_3Rcu3PAPz59xvH8","FlowID":"FL_929","Autofill":[]},{"Type":"Standard","ID":"BL_dpuXubYaTdXk8kK","FlowID":"FL_944","Autofill":[]},{"Type":"Block","ID":"BL_exQpB2bZNKgfgz4","FlowID":"FL_930","Autofill":[]},{"Type":"Standard","ID":"BL_9Xh2fCrD9rFjs2y","FlowID":"FL_1179","Autofill":[]}],"Properties":{"Count":1319}}},{"SurveyID":"SV_3qo4BCdxToFRngi","Element":"PL","PrimaryAttribute":"Preview Link","SecondaryAttribute":null,"TertiaryAttribute":null,"Payload":{"PreviewType":"Brand","PreviewID":"7001756e-d78b-4d73-8475-b437037b50d0"}},{"SurveyID":"SV_3qo4BCdxToFRngi","Element":"RS","PrimaryAttribute":"RS_8rdCHu7bqgEhyJg","SecondaryAttribute":null,"TertiaryAttribute":null,"Payload":null},{"SurveyID":"SV_3qo4BCdxToFRngi","Element":"SO","PrimaryAttribute":"Survey Options","SecondaryAttribute":null,"TertiaryAttribute":null,"Payload":{"BackButton":"false","SaveAndContinue":"true","SurveyProtection":"PublicSurvey","BallotBoxStuffingPrevention":"false","NoIndex":"Yes","SecureResponseFiles":"true","SurveyExpiration":"None","SurveyTermination":"DefaultMessage","Header":"","Footer":"","ProgressBarDisplay":"NoText","PartialData":"+1 week","ValidationMessage":null,"PreviousButton":" \u2190 ","NextButton":" \u2192 ","SurveyTitle":"Qualtrics Survey | Qualtrics Experience Management","SkinLibrary":"dartmouth","SkinType":"templated","Skin":{"brandingId":null,"templateId":"*base","overrides":{"font":{"family":"arial, helvetica, sans-serif"},"contrast":0.299999999999999988897769753748434595763683319091796875}},"NewScoring":1,"EOSMessage":null,"ShowExportTags":"false","CollectGeoLocation":"false","SurveyMetaDescription":"The most powerful, simple and trusted way to gather experience data. Start your journey to experience management and try a free account today.","PasswordProtection":"No","AnonymizeResponse":"No","RefererCheck":"No","BallotBoxStuffingPreventionBehavior":null,"BallotBoxStuffingPreventionMessage":null,"BallotBoxStuffingPreventionMessageLibrary":null,"BallotBoxStuffingPreventionURL":null,"RecaptchaV3":"true","ConfirmStart":false,"AutoConfirmStart":false,"UseCustomSurveyLinkCompletedMessage":null,"SurveyLinkCompletedMessage":null,"SurveyLinkCompletedMessageLibrary":null,"ResponseSummary":"No","EOSMessageLibrary":null,"EOSRedirectURL":null,"EmailThankYou":"false","ThankYouEmailMessageLibrary":null,"ThankYouEmailMessage":null,"ValidateMessage":"false","ValidationMessageLibrary":null,"InactiveSurvey":null,"PartialDeletion":null,"PartialDataCloseAfter":"LastActivity","InactiveMessageLibrary":null,"InactiveMessage":null,"AvailableLanguages":{"EN":[]},"CustomStyles":[],"ProtectSelectionIds":true}},{"SurveyID":"SV_3qo4BCdxToFRngi","Element":"SCO","PrimaryAttribute":"Scoring","SecondaryAttribute":null,"TertiaryAttribute":null,"Payload":{"ScoringCategories":[],"ScoringCategoryGroups":[],"ScoringSummaryCategory":null,"ScoringSummaryAfterQuestions":0,"ScoringSummaryAfterSurvey":0,"DefaultScoringCategory":null,"AutoScoringCategory":null}},{"SurveyID":"SV_3qo4BCdxToFRngi","Element":"PROJ","PrimaryAttribute":"CORE","SecondaryAttribute":null,"TertiaryAttribute":"1.1.0","Payload":{"ProjectCategory":"CORE","SchemaVersion":"1.1.0"}},{"SurveyID":"SV_3qo4BCdxToFRngi","Element":"STAT","PrimaryAttribute":"Survey Statistics","SecondaryAttribute":null,"TertiaryAttribute":null,"Payload":{"MobileCompatible":true,"ID":"Survey Statistics"}},{"SurveyID":"SV_3qo4BCdxToFRngi","Element":"QC","PrimaryAttribute":"Survey Question Count","SecondaryAttribute":"139","TertiaryAttribute":null,"Payload":null},{"SurveyID":"SV_3qo4BCdxToFRngi","Element":"SQ","PrimaryAttribute":"QID63","SecondaryAttribute":"\u00a0 Attribute1 ${e:\/\/Field\/attribute1_task1} Attribute2 ${e:\/\/Field\/attribute2_task1} Attribute3 ...","TertiaryAttribute":null,"Payload":{"QuestionText":"<p dir=\"ltr\">&nbsp;<\/p>\n\n<table style=\"width:600px;\" cellspacing=\"1\" cellpadding=\"1\" border=\"1\" align=\"left\">\n\t<tbody>\n\t\t<tr>\n\t\t\t<td><span style=\"font-size: 16px;\"><b>Attribute1<\/b><\/span><\/td>\n\t\t\t<td><span style=\"font-size:16px;\">${e:\/\/Field\/attribute1_task1}<\/span><\/td>\n\t\t<\/tr>\n\t\t<tr>\n\t\t\t<td><span style=\"font-size:16px;\"><b>Attribute2<\/b><\/span><\/td>\n\t\t\t<td><span style=\"font-size:16px;\">${e:\/\/Field\/attribute2_task1}<\/span><\/td>\n\t\t<\/tr>\n\t\t<tr>\n\t\t\t<td><span style=\"font-size:16px;\"><b>Attribute3<\/b><\/span><\/td>\n\t\t\t<td><span style=\"font-size:16px;\">${e:\/\/Field\/attribute3_task1}<\/span><\/td>\n\t\t<\/tr>\n\t\t<tr>\n\t\t\t<td><span style=\"font-size:16px;\"><b>Attribute4<\/b><\/span><\/td>\n\t\t\t<td><span style=\"font-size:16px;\">${e:\/\/Field\/attribute4_task1}<\/span><\/td>\n\t\t<\/tr>\n\t\t<tr>\n\t\t\t<td><span style=\"font-size:16px;\"><b>Attribute5<\/b><\/span><\/td>\n\t\t\t<td><span style=\"font-size:16px;\">${e:\/\/Field\/attribute5_task1}<\/span><\/td>\n\t\t<\/tr>\n\t<\/tbody>\n<\/table>","DefaultChoices":false,"QuestionType":"DB","Selector":"TB","DataVisibility":{"Private":false,"Hidden":false},"Configuration":{"QuestionDescriptionOption":"UseText"},"QuestionDescription":"\u00a0 Attribute1 ${e:\/\/Field\/attribute1_task1} Attribute2 ${e:\/\/Field\/attribute2_task1} Attribute3 ...","ChoiceOrder":[],"Validation":{"Settings":{"Type":"None"}},"GradingData":[],"Language":[],"NextChoiceId":3,"NextAnswerId":1,"QuestionText_Unsafe":"<p dir=\"ltr\"><b>Please read the descriptions of the potential immigrants carefully. Then, please indicate which of the two immigrants you would personally prefer to see admitted to the United States.<\/b><\/p>\n\n<p dir=\"ltr\">&nbsp;<\/p>\n\n<table border=\"1\" cellpadding=\"1\" cellspacing=\"1\" style=\"width:700px;\">\n\t<tbody>\n\t\t<tr>\n\t\t\t<td>&nbsp;<\/td>\n\t\t\t<td><span style=\"font-size: 16px;\"><b>Immigrant 1<\/b><\/span><\/td>\n\t\t\t<td><span style=\"font-size:16px;\"><b>Immigrant 2<\/b><\/span><\/td>\n\t\t<\/tr>\n\t\t<tr>\n\t\t\t<td><span style=\"font-size:16px;\"><b>Prior Trips to the U.S.&nbsp;<\/b><\/span><\/td>\n\t\t\t<td><span style=\"font-size:16px;\">&nbsp;<\/span><\/td>\n\t\t\t<td><span style=\"font-size:16px;\">&nbsp;<\/span><\/td>\n\t\t<\/tr>\n\t\t<tr>\n\t\t\t<td><span style=\"font-size:16px;\"><b>Reason for Application<\/b><\/span><\/td>\n\t\t\t<td>&nbsp;<\/td>\n\t\t\t<td>&nbsp;<\/td>\n\t\t<\/tr>\n\t\t<tr>\n\t\t\t<td><span style=\"font-size:16px;\"><b>Country of Original<\/b><\/span><\/td>\n\t\t\t<td><span style=\"font-size:16px;\">&nbsp;<\/span><\/td>\n\t\t\t<td><span style=\"font-size:16px;\">&nbsp;<\/span><\/td>\n\t\t<\/tr>\n\t\t<tr>\n\t\t\t<td><span style=\"font-size: 16px;\"><b>Language Skills<\/b><\/span><\/td>\n\t\t\t<td><br><\/td>\n\t\t\t<td><span style=\"font-size:16px;\">&nbsp;<\/span><\/td>\n\t\t<\/tr>\n\t\t<tr>\n\t\t\t<td><span style=\"font-size: 16px;\"><b>Profession<\/b><\/span><\/td>\n\t\t\t<td>&nbsp;<\/td>\n\t\t\t<td>&nbsp;<\/td>\n\t\t<\/tr>\n\t\t<tr>\n\t\t\t<td><span style=\"font-size: 16px;\"><b>Job&nbsp;Experience<\/b><\/span><\/td>\n\t\t\t<td>&nbsp;<\/td>\n\t\t\t<td>&nbsp;<\/td>\n\t\t<\/tr>\n\t\t<tr>\n\t\t\t<td><span style=\"font-size: 16px;\"><b>Employment Plans<\/b><\/span><\/td>\n\t\t\t<td><br><\/td>\n\t\t\t<td><br><\/td>\n\t\t<\/tr>\n\t\t<tr>\n\t\t\t<td><span style=\"font-size: 16px;\"><b>Education Level<\/b><\/span><\/td>\n\t\t\t<td>&nbsp;<\/td>\n\t\t\t<td>&nbsp;<\/td>\n\t\t<\/tr>\n\t\t<tr>\n\t\t\t<td><span style=\"font-size: 16px;\"><b>Gender<\/b><\/span><\/td>\n\t\t\t<td>&nbsp;<\/td>\n\t\t\t<td>&nbsp;<\/td>\n\t\t<\/tr>\n\t<\/tbody>\n<\/table>\n<br>","DataExportTag":"task1","QuestionID":"QID63"}},{"SurveyID":"SV_3qo4BCdxToFRngi","Element":"SQ","PrimaryAttribute":"QID138","SecondaryAttribute":"\u00a0 Attribute1 ${e:\/\/Field\/attribute1_task2} Attribute2 ${e:\/\/Field\/attribute2_task2} Attribute3 ...","TertiaryAttribute":null,"Payload":{"QuestionText":"<p dir=\"ltr\">&nbsp;<\/p>\n\n<table style=\"width:600px;\" cellspacing=\"1\" cellpadding=\"1\" border=\"1\" align=\"left\">\n\t<tbody>\n\t\t<tr>\n\t\t\t<td><span style=\"font-size: 16px;\"><b>Attribute1<\/b><\/span><\/td>\n\t\t\t<td><span style=\"font-size:16px;\">${e:\/\/Field\/attribute1_task2}<\/span><\/td>\n\t\t<\/tr>\n\t\t<tr>\n\t\t\t<td><span style=\"font-size:16px;\"><b>Attribute2<\/b><\/span><\/td>\n\t\t\t<td><span style=\"font-size:16px;\">${e:\/\/Field\/attribute2_task2}<\/span><\/td>\n\t\t<\/tr>\n\t\t<tr>\n\t\t\t<td><span style=\"font-size:16px;\"><b>Attribute3<\/b><\/span><\/td>\n\t\t\t<td><span style=\"font-size:16px;\">${e:\/\/Field\/attribute3_task2}<\/span><\/td>\n\t\t<\/tr>\n\t\t<tr>\n\t\t\t<td><span style=\"font-size:16px;\"><b>Attribute4<\/b><\/span><\/td>\n\t\t\t<td><span style=\"font-size:16px;\">${e:\/\/Field\/attribute4_task2}<\/span><\/td>\n\t\t<\/tr>\n\t\t<tr>\n\t\t\t<td><span style=\"font-size:16px;\"><b>Attribute5<\/b><\/span><\/td>\n\t\t\t<td><span style=\"font-size:16px;\">${e:\/\/Field\/attribute5_task2}<\/span><\/td>\n\t\t<\/tr>\n\t<\/tbody>\n<\/table>","DefaultChoices":false,"DataExportTag":"task2","QuestionType":"DB","Selector":"TB","DataVisibility":{"Private":false,"Hidden":false},"Configuration":{"QuestionDescriptionOption":"UseText"},"QuestionDescription":"\u00a0 Attribute1 ${e:\/\/Field\/attribute1_task2} Attribute2 ${e:\/\/Field\/attribute2_task2} Attribute3 ...","ChoiceOrder":[],"Validation":{"Settings":{"Type":"None"}},"GradingData":[],"Language":[],"NextChoiceId":3,"NextAnswerId":1,"QuestionID":"QID138"}},{"SurveyID":"SV_3qo4BCdxToFRngi","Element":"SQ","PrimaryAttribute":"QID59","SecondaryAttribute":"From the previous screen, what was [ATTRIBUTE 1]","TertiaryAttribute":null,"Payload":{"QuestionText":"From the previous screen, what was [ATTRIBUTE 1]","DefaultChoices":false,"DataExportTag":"cac1","QuestionType":"MC","Selector":"SAVR","SubSelector":"TX","Configuration":{"QuestionDescriptionOption":"UseText"},"QuestionDescription":"From the previous screen, what was [ATTRIBUTE 1]","Choices":{"4":{"Display":"Possible level (incorrect)"},"5":{"Display":"Possible level (correct)"},"6":{"Display":"Attribute 1 was not mentioned (incorrect)"},"7":{"Display":"Possible level (incorrect)"}},"ChoiceOrder":["4","5","7","6"],"Validation":{"Settings":{"ForceResponse":"ON","ForceResponseType":"ON","Type":"None"}},"GradingData":[],"Language":[],"NextChoiceId":8,"NextAnswerId":1,"QuestionID":"QID59","DataVisibility":{"Private":false,"Hidden":false}}},{"SurveyID":"SV_3qo4BCdxToFRngi","Element":"SQ","PrimaryAttribute":"QID57","SecondaryAttribute":"Rating","TertiaryAttribute":null,"Payload":{"QuestionText":"Rating","DefaultChoices":false,"DataExportTag":"rating_cac","QuestionID":"QID57","QuestionType":"Slider","Selector":"HSLIDER","DataVisibility":{"Private":false,"Hidden":false},"Configuration":{"QuestionDescriptionOption":"UseText","CSSliderMin":1,"CSSliderMax":7,"GridLines":6,"SnapToGrid":false,"NumDecimals":"0","ShowValue":true,"CustomStart":false,"NotApplicable":false,"MobileFirst":true},"QuestionDescription":"Rating","Choices":{"1":{"Display":"Rating"}},"ChoiceOrder":["1"],"Validation":{"Settings":{"ForceResponse":"OFF","Type":"None"}},"GradingData":[],"Language":[],"NextChoiceId":10,"NextAnswerId":1,"Labels":[]}},{"SurveyID":"SV_3qo4BCdxToFRngi","Element":"SQ","PrimaryAttribute":"QID131","SecondaryAttribute":"Rating","TertiaryAttribute":null,"Payload":{"QuestionText":"Rating","DefaultChoices":false,"DataExportTag":"rating_task1","QuestionType":"Slider","Selector":"HSLIDER","DataVisibility":{"Private":false,"Hidden":false},"Configuration":{"QuestionDescriptionOption":"UseText","CSSliderMin":1,"CSSliderMax":7,"GridLines":6,"SnapToGrid":false,"NumDecimals":"0","ShowValue":true,"CustomStart":false,"NotApplicable":false,"MobileFirst":true},"QuestionDescription":"Rating","Choices":{"1":{"Display":"Rating"}},"ChoiceOrder":["1"],"Validation":{"Settings":{"ForceResponse":"ON","ForceResponseType":"ON","Type":"None"}},"GradingData":[],"Language":[],"NextChoiceId":10,"NextAnswerId":1,"Labels":[],"QuestionID":"QID131"}},{"SurveyID":"SV_3qo4BCdxToFRngi","Element":"SQ","PrimaryAttribute":"QID139","SecondaryAttribute":"Rating","TertiaryAttribute":null,"Payload":{"QuestionText":"Rating","DefaultChoices":false,"DataExportTag":"rating_task2","QuestionType":"Slider","Selector":"HSLIDER","DataVisibility":{"Private":false,"Hidden":false},"Configuration":{"QuestionDescriptionOption":"UseText","CSSliderMin":1,"CSSliderMax":7,"GridLines":6,"SnapToGrid":false,"NumDecimals":"0","ShowValue":true,"CustomStart":false,"NotApplicable":false,"MobileFirst":true},"QuestionDescription":"Rating","Choices":{"1":{"Display":"Rating"}},"ChoiceOrder":["1"],"Validation":{"Settings":{"ForceResponse":"ON","ForceResponseType":"ON","Type":"None"}},"GradingData":[],"Language":[],"NextChoiceId":10,"NextAnswerId":1,"Labels":[],"QuestionID":"QID139"}},{"SurveyID":"SV_3qo4BCdxToFRngi","Element":"SQ","PrimaryAttribute":"QID137","SecondaryAttribute":"This is an example Qualtrics survey to implement the 1-profile CAC design with 2 randomized conjo...","TertiaryAttribute":null,"Payload":{"ChoiceOrder":[],"Configuration":{"QuestionDescriptionOption":"UseText"},"DataExportTag":"readme","DataVisibility":{"Hidden":false,"Private":false},"DefaultChoices":false,"GradingData":[],"Language":[],"NextAnswerId":1,"NextChoiceId":4,"QuestionDescription":"This is an example Qualtrics survey to implement the 1-profile CAC design with 2 randomized conjo...","QuestionID":"QID137","QuestionText":"This is an example Qualtrics survey to implement the 1-profile CAC design with 2 randomized conjoint tasks (3 including the static CAC table) and with rating outcomes. Edit the tables below based on the attributes in your design and change the embedded data fields in the survey flow accordingly. Make sure to also edit the CAC Questions based on the attributes in your design.","QuestionText_Unsafe":"This is an example Qualtrics survey to implement the 2-profile CAC design for a study on immigration with 5 randomized conjoint tasks (6 including the static CAC table) and with both binary choice and rating outcomes. Edit the tables below based on the attributes in your design and change the embedded data fields in the survey flow accordingly. Make sure to also edit the CAC Questions based on the attributes in your design.&nbsp;","QuestionType":"DB","Selector":"TB","Validation":{"Settings":{"Type":"None"}}}},{"SurveyID":"SV_3qo4BCdxToFRngi","Element":"SQ","PrimaryAttribute":"QID29","SecondaryAttribute":"This is your first conjoint task on which the CAC questions will be based. The table should appea...","TertiaryAttribute":null,"Payload":{"ChoiceOrder":[],"Configuration":{"QuestionDescriptionOption":"UseText"},"DataExportTag":"cac_test","DataVisibility":{"Hidden":false,"Private":false},"DefaultChoices":false,"GradingData":[],"Language":[],"NextAnswerId":1,"NextChoiceId":3,"QuestionDescription":"This is your first conjoint task on which the CAC questions will be based. The table should appea...","QuestionID":"QID29","QuestionText":"<p dir=\"ltr\">This is your first conjoint task on which the CAC questions will be based. The table should appear exactly as the other randomized tables will appear, but you will replace the second column with pre-selected levels.&nbsp;<\/p><p dir=\"ltr\"><br><\/p>\n\n<table style=\"width:600px;\" cellspacing=\"1\" cellpadding=\"1\" border=\"1\">\n\t<tbody>\n\t\t<tr>\n\t\t\t<td><span style=\"font-size: 16px;\"><b>Attribute1<\/b><\/span><\/td>\n\t\t\t<td><span style=\"font-size:16px;\">Attribute1_Level1<\/span><\/td>\n\t\t<\/tr>\n\t\t<tr>\n\t\t\t<td><span style=\"font-size:16px;\"><b>Attribute2<\/b><\/span><\/td>\n\t\t\t<td><span style=\"font-size:16px;\">Attribute1_Level1<\/span><\/td>\n\t\t<\/tr>\n\t\t<tr>\n\t\t\t<td><span style=\"font-size:16px;\"><b>Attribute3<\/b><\/span><\/td>\n\t\t\t<td><span style=\"font-size:16px;\">Attribute1_Level1<\/span><\/td>\n\t\t<\/tr>\n\t\t<tr>\n\t\t\t<td><span style=\"font-size:16px;\"><b>Attribute4<\/b><\/span><\/td>\n\t\t\t<td><span style=\"font-size:16px;\">Attribute1_Level1<\/span><\/td>\n\t\t<\/tr>\n\t\t<tr>\n\t\t\t<td><span style=\"font-size:16px;\"><b>Attribute5<\/b><\/span><\/td>\n\t\t\t<td><span style=\"font-size:16px;\">Attribute1_Level1<\/span><\/td>\n\t\t<\/tr>\n\t<\/tbody>\n<\/table>","QuestionText_Unsafe":"<p dir=\"ltr\"><span style=\"font-size:16px;\"><b><\/b><\/span><\/p>Please carefully review the candidate for the U.S. House of Representatives detailed below. Then please answer the question about the candidate below. \n\n<p dir=\"ltr\">&nbsp;<\/p>\n\n<table border=\"1\" cellpadding=\"1\" cellspacing=\"1\" style=\"width:600px;\">\n\t<tbody>\n\t\t<tr>\n\t\t\t<td>&nbsp;<\/td>\n\t\t\t<td><span style=\"font-size: 16px;\"><b>Candidate<\/b><\/span><\/td>\n\t\t<\/tr>\n\t\t<tr>\n\t\t\t<td><span style=\"font-size:16px;\"><b>Religion<\/b><\/span><\/td>\n\t\t\t<td><span style=\"font-size:16px;\">Evangelical Protestant<\/span><\/td>\n\t\t<\/tr>\n\t\t<tr>\n\t\t\t<td><span style=\"font-size:16px;\"><b>Profession<\/b><\/span><\/td>\n\t\t\t<td>\n\t\t\t<p><span style=\"font-size: 16px;\">Farmer<\/span><\/p>\n\t\t\t<\/td>\n\t\t<\/tr>\n\t\t<tr>\n\t\t\t<td><span style=\"font-size:16px;\"><b>Age<\/b><\/span><\/td>\n\t\t\t<td><span style=\"font-size: 16px;\">68<\/span><\/td>\n\t\t<\/tr>\n\t\t<tr>\n\t\t\t<td><span style=\"font-size:16px;\"><b>Annual Income<\/b><\/span><\/td>\n\t\t\t<td>\n\t\t\t<p><span style=\"font-size:16px;\">$54,000<\/span><\/p>\n\t\t\t<\/td>\n\t\t<\/tr>\n\t\t<tr>\n\t\t\t<td><span style=\"font-size:16px;\"><b>Race \/ Ethnicity<\/b><\/span><\/td>\n\t\t\t<td><span style=\"font-size:16px;\">White<\/span><\/td>\n\t\t<\/tr>\n\t\t<tr>\n\t\t\t<td><span style=\"font-size: 16px;\"><b>Gender<\/b><\/span><\/td>\n\t\t\t<td>\n\t\t\t<p><span style=\"font-size:16px;\">Man<\/span><\/p>\n\t\t\t<\/td>\n\t\t<\/tr>\n\t\t<tr>\n\t\t\t<td><span style=\"font-size:16px;\"><b>Military Service<\/b><\/span><\/td>\n\t\t\t<td>\n\t\t\t<p><span style=\"font-size:16px;\">Served in U.S. military<\/span><\/p>\n\t\t\t<\/td>\n\t\t<\/tr>\n\t\t<tr>\n\t\t\t<td><span style=\"font-size:16px;\"><b>College Education<\/b><\/span><\/td>\n\t\t\t<td><span style=\"font-size:16px;\">BA from a small college<\/span><\/td>\n\t\t<\/tr>\n\t\t<tr>\n\t\t\t<td><span style=\"font-size:16px;\"><strong>Support Among Independents<\/strong><\/span><\/td>\n\t\t\t<td><span style=\"font-size:16px;\">50%<\/span><\/td>\n\t\t<\/tr>\n\t<\/tbody>\n<\/table>","QuestionType":"DB","Selector":"TB","Validation":{"Settings":{"Type":"None"}}}},{"SurveyID":"SV_3qo4BCdxToFRngi","Element":"SQ","PrimaryAttribute":"QID60","SecondaryAttribute":"What was [ATTRIBUTE 3]?","TertiaryAttribute":null,"Payload":{"QuestionText":"What was [ATTRIBUTE 3]?","DefaultChoices":false,"DataExportTag":"cac2","QuestionType":"MC","Selector":"SAVR","SubSelector":"TX","Configuration":{"QuestionDescriptionOption":"UseText"},"QuestionDescription":"What was [ATTRIBUTE 3]?","Choices":{"1":{"Display":"Possible level (correct)"},"4":{"Display":"Possible level (incorrect)"},"5":{"Display":"Possible level (incorrect)"},"7":{"Display":"Attribute 3 was not mentioned (incorrect)"}},"ChoiceOrder":["1","4","5","7"],"Validation":{"Settings":{"ForceResponse":"ON","ForceResponseType":"ON","Type":"None"}},"GradingData":[],"Language":[],"NextChoiceId":8,"NextAnswerId":1,"QuestionID":"QID60","DataVisibility":{"Private":false,"Hidden":false}}},{"SurveyID":"SV_3qo4BCdxToFRngi","Element":"SQ","PrimaryAttribute":"QID61","SecondaryAttribute":"What was [ATTRIBUTE 5]?","TertiaryAttribute":null,"Payload":{"QuestionText":"What was [ATTRIBUTE 5]?","DefaultChoices":false,"DataExportTag":"cac3","QuestionType":"MC","Selector":"SAVR","SubSelector":"TX","Configuration":{"QuestionDescriptionOption":"UseText"},"QuestionDescription":"What was [ATTRIBUTE 5]?","Choices":{"1":{"Display":"Possible level (incorrect)"},"4":{"Display":"Possible level (incorrect)"},"5":{"Display":"Possible level (incorrect)"},"6":{"Display":"Attribute 5 was not mentioned (correct)"}},"ChoiceOrder":["1","4","5","6"],"Validation":{"Settings":{"ForceResponse":"ON","ForceResponseType":"ON","Type":"None"}},"GradingData":[],"Language":[],"NextChoiceId":7,"NextAnswerId":1,"QuestionID":"QID61","DataVisibility":{"Private":false,"Hidden":false}}}]}