{"SurveyEntry":{"SurveyID":"SV_3L8PF6N8y3P41SK","SurveyName":"CAC Template_1 Profile_Candidate Example","SurveyDescription":null,"SurveyOwnerID":"UR_9z7PXY7DpUCQ46N","SurveyBrandID":"dartmouth","DivisionID":null,"SurveyLanguage":"EN","SurveyActiveResponseSet":"RS_afw780NeyIgbryC","SurveyStatus":"Inactive","SurveyStartDate":"0000-00-00 00:00:00","SurveyExpirationDate":"0000-00-00 00:00:00","SurveyCreationDate":"2024-11-22 12:17:00","CreatorID":"UR_9z7PXY7DpUCQ46N","LastModified":"2024-11-23 10:56:19","LastAccessed":"0000-00-00 00:00:00","LastActivated":"0000-00-00 00:00:00","Deleted":null},"SurveyElements":[{"SurveyID":"SV_3L8PF6N8y3P41SK","Element":"BL","PrimaryAttribute":"Survey Blocks","SecondaryAttribute":null,"TertiaryAttribute":null,"Payload":{"1":{"Type":"Trash","Description":"Trash \/ Unused Questions","ID":"BL_0kPj96zzKggZ1ci","BlockElements":[],"Options":{"BlockLocking":"false","RandomizeQuestions":"false","BlockVisibility":"Collapsed"}},"12":{"Type":"Standard","SubType":"","Description":"CAC","ID":"BL_3Rcu3PAPz59xvH8","BlockElements":[{"Type":"Question","QuestionID":"QID29"},{"Type":"Question","QuestionID":"QID57"}],"Options":{"BlockLocking":"false","RandomizeQuestions":"false","BlockVisibility":"Expanded"}},"14":{"Type":"Standard","SubType":"","Description":"task1","ID":"BL_exQpB2bZNKgfgz4","BlockElements":[{"Type":"Question","QuestionID":"QID63"},{"Type":"Question","QuestionID":"QID131"}],"Options":{"BlockLocking":"false","RandomizeQuestions":"false","BlockVisibility":"Collapsed"}},"25":{"Type":"Standard","SubType":"","Description":"CAC Questions","ID":"BL_dpuXubYaTdXk8kK","BlockElements":[{"Type":"Question","QuestionID":"QID59"},{"Type":"Page Break"},{"Type":"Question","QuestionID":"QID60"},{"Type":"Page Break"},{"Type":"Question","QuestionID":"QID61"}],"Options":{"BlockLocking":"false","RandomizeQuestions":"false","BlockVisibility":"Expanded"}},"29":{"Type":"Standard","SubType":"","Description":"task2","ID":"BL_9Xh2fCrD9rFjs2y","BlockElements":[{"Type":"Question","QuestionID":"QID123"},{"Type":"Question","QuestionID":"QID132"}],"Options":{"BlockLocking":false,"RandomizeQuestions":"false","BlockVisibility":"Collapsed"}},"30":{"Type":"Standard","SubType":"","Description":"task3","ID":"BL_5gyeXOUvzfGWvrM","BlockElements":[{"Type":"Question","QuestionID":"QID125"},{"Type":"Question","QuestionID":"QID133"}],"Options":{"BlockLocking":false,"RandomizeQuestions":"false","BlockVisibility":"Collapsed"}},"31":{"Type":"Standard","SubType":"","Description":"task4","ID":"BL_bNRyGZAePBlou10","BlockElements":[{"Type":"Question","QuestionID":"QID127"},{"Type":"Question","QuestionID":"QID134"}],"Options":{"BlockLocking":false,"RandomizeQuestions":"false","BlockVisibility":"Collapsed"}},"32":{"Type":"Standard","SubType":"","Description":"task5","ID":"BL_8HZXZnprHErVdkO","BlockElements":[{"Type":"Question","QuestionID":"QID129"},{"Type":"Question","QuestionID":"QID135"}],"Options":{"BlockLocking":false,"RandomizeQuestions":"false","BlockVisibility":"Collapsed"}},"33":{"Type":"Standard","SubType":"","Description":"Readme","ID":"BL_cCt0aZvMkYOnxJA","BlockElements":[{"Type":"Question","QuestionID":"QID137"}],"Options":{"BlockLocking":"false","RandomizeQuestions":"false","BlockVisibility":"Collapsed"}}}},{"SurveyID":"SV_3L8PF6N8y3P41SK","Element":"FL","PrimaryAttribute":"Survey Flow","SecondaryAttribute":null,"TertiaryAttribute":null,"Payload":{"Type":"Root","FlowID":"FL_1","Flow":[{"Type":"Standard","ID":"BL_cCt0aZvMkYOnxJA","FlowID":"FL_1201","Autofill":[]},{"Type":"BlockRandomizer","FlowID":"FL_467","SubSet":1,"Flow":[{"Type":"EmbeddedData","FlowID":"FL_468","EmbeddedData":[{"Description":"military1","Type":"Custom","Field":"military1","VariableType":"String","DataVisibility":[],"AnalyzeText":false,"Value":"Did not serve"}]},{"Type":"EmbeddedData","FlowID":"FL_469","EmbeddedData":[{"Description":"military1","Type":"Custom","Field":"military1","VariableType":"String","DataVisibility":[],"AnalyzeText":false,"Value":"Served"}]}]},{"Type":"BlockRandomizer","FlowID":"FL_951","SubSet":1,"Flow":[{"Type":"EmbeddedData","FlowID":"FL_952","EmbeddedData":[{"Description":"military2","Type":"Custom","Field":"military2","VariableType":"String","DataVisibility":[],"AnalyzeText":false,"Value":"Did not serve"}]},{"Type":"EmbeddedData","FlowID":"FL_953","EmbeddedData":[{"Description":"military2","Type":"Custom","Field":"military2","VariableType":"String","DataVisibility":[],"AnalyzeText":false,"Value":"Served"}]}]},{"Type":"BlockRandomizer","FlowID":"FL_948","SubSet":1,"Flow":[{"Type":"EmbeddedData","FlowID":"FL_949","EmbeddedData":[{"Description":"military3","Type":"Custom","Field":"military3","VariableType":"String","DataVisibility":[],"AnalyzeText":false,"Value":"Did not serve"}]},{"Type":"EmbeddedData","FlowID":"FL_950","EmbeddedData":[{"Description":"military3","Type":"Custom","Field":"military3","VariableType":"String","DataVisibility":[],"AnalyzeText":false,"Value":"Served"}]}]},{"Type":"BlockRandomizer","FlowID":"FL_954","SubSet":1,"Flow":[{"Type":"EmbeddedData","FlowID":"FL_955","EmbeddedData":[{"Description":"military4","Type":"Custom","Field":"military4","VariableType":"String","DataVisibility":[],"AnalyzeText":false,"Value":"Did not serve"}]},{"Type":"EmbeddedData","FlowID":"FL_956","EmbeddedData":[{"Description":"military4","Type":"Custom","Field":"military4","VariableType":"String","DataVisibility":[],"AnalyzeText":false,"Value":"Served"}]}]},{"Type":"BlockRandomizer","FlowID":"FL_957","SubSet":1,"Flow":[{"Type":"EmbeddedData","FlowID":"FL_958","EmbeddedData":[{"Description":"military5","Type":"Custom","Field":"military5","VariableType":"String","DataVisibility":[],"AnalyzeText":false,"Value":"Did not serve"}]},{"Type":"EmbeddedData","FlowID":"FL_959","EmbeddedData":[{"Description":"military5","Type":"Custom","Field":"military5","VariableType":"String","DataVisibility":[],"AnalyzeText":false,"Value":"Served"}]}]},{"Type":"BlockRandomizer","FlowID":"FL_960","SubSet":1,"Flow":[{"Type":"EmbeddedData","FlowID":"FL_961","EmbeddedData":[{"Description":"religion1","Type":"Custom","Field":"religion1","VariableType":"String","DataVisibility":[],"AnalyzeText":false,"Value":"None"}]},{"Type":"EmbeddedData","FlowID":"FL_962","EmbeddedData":[{"Description":"religion1","Type":"Custom","Field":"religion1","VariableType":"String","DataVisibility":[],"AnalyzeText":false,"Value":"Jewish"}]},{"Type":"EmbeddedData","FlowID":"FL_963","EmbeddedData":[{"Description":"religion1","Type":"Custom","Field":"religion1","VariableType":"String","DataVisibility":[],"AnalyzeText":false,"Value":"Catholic"}]},{"Type":"EmbeddedData","FlowID":"FL_965","EmbeddedData":[{"Description":"religion1","Type":"Custom","Field":"religion1","VariableType":"String","DataVisibility":[],"AnalyzeText":false,"Value":"Mainline protestant"}]},{"Type":"EmbeddedData","FlowID":"FL_964","EmbeddedData":[{"Description":"religion1","Type":"Custom","Field":"religion1","VariableType":"String","DataVisibility":[],"AnalyzeText":false,"Value":"Evangelical protestant"}]},{"Type":"EmbeddedData","FlowID":"FL_966","EmbeddedData":[{"Description":"religion1","Type":"Custom","Field":"religion1","VariableType":"String","DataVisibility":[],"AnalyzeText":false,"Value":"Mormon"}]}]},{"Type":"BlockRandomizer","FlowID":"FL_988","SubSet":1,"Flow":[{"Type":"EmbeddedData","FlowID":"FL_989","EmbeddedData":[{"Description":"religion2","Type":"Custom","Field":"religion2","VariableType":"String","DataVisibility":[],"AnalyzeText":false,"Value":"None"}]},{"Type":"EmbeddedData","FlowID":"FL_990","EmbeddedData":[{"Description":"religion2","Type":"Custom","Field":"religion2","VariableType":"String","DataVisibility":[],"AnalyzeText":false,"Value":"Jewish"}]},{"Type":"EmbeddedData","FlowID":"FL_991","EmbeddedData":[{"Description":"religion2","Type":"Custom","Field":"religion2","VariableType":"String","DataVisibility":[],"AnalyzeText":false,"Value":"Catholic"}]},{"Type":"EmbeddedData","FlowID":"FL_992","EmbeddedData":[{"Description":"religion2","Type":"Custom","Field":"religion2","VariableType":"String","DataVisibility":[],"AnalyzeText":false,"Value":"Mainline protestant"}]},{"Type":"EmbeddedData","FlowID":"FL_993","EmbeddedData":[{"Description":"religion2","Type":"Custom","Field":"religion2","VariableType":"String","DataVisibility":[],"AnalyzeText":false,"Value":"Evangelical protestant"}]},{"Type":"EmbeddedData","FlowID":"FL_994","EmbeddedData":[{"Description":"religion2","Type":"Custom","Field":"religion2","VariableType":"String","DataVisibility":[],"AnalyzeText":false,"Value":"Mormon"}]}]},{"Type":"BlockRandomizer","FlowID":"FL_981","SubSet":1,"Flow":[{"Type":"EmbeddedData","FlowID":"FL_982","EmbeddedData":[{"Description":"religion3","Type":"Custom","Field":"religion3","VariableType":"String","DataVisibility":[],"AnalyzeText":false,"Value":"None"}]},{"Type":"EmbeddedData","FlowID":"FL_983","EmbeddedData":[{"Description":"religion3","Type":"Custom","Field":"religion3","VariableType":"String","DataVisibility":[],"AnalyzeText":false,"Value":"Jewish"}]},{"Type":"EmbeddedData","FlowID":"FL_984","EmbeddedData":[{"Description":"religion3","Type":"Custom","Field":"religion3","VariableType":"String","DataVisibility":[],"AnalyzeText":false,"Value":"Catholic"}]},{"Type":"EmbeddedData","FlowID":"FL_985","EmbeddedData":[{"Description":"religion3","Type":"Custom","Field":"religion3","VariableType":"String","DataVisibility":[],"AnalyzeText":false,"Value":"Mainline protestant"}]},{"Type":"EmbeddedData","FlowID":"FL_986","EmbeddedData":[{"Description":"religion3","Type":"Custom","Field":"religion3","VariableType":"String","DataVisibility":[],"AnalyzeText":false,"Value":"Evangelical protestant"}]},{"Type":"EmbeddedData","FlowID":"FL_987","EmbeddedData":[{"Description":"religion3","Type":"Custom","Field":"religion3","VariableType":"String","DataVisibility":[],"AnalyzeText":false,"Value":"Mormon"}]}]},{"Type":"BlockRandomizer","FlowID":"FL_974","SubSet":1,"Flow":[{"Type":"EmbeddedData","FlowID":"FL_975","EmbeddedData":[{"Description":"religion4","Type":"Custom","Field":"religion4","VariableType":"String","DataVisibility":[],"AnalyzeText":false,"Value":"None"}]},{"Type":"EmbeddedData","FlowID":"FL_976","EmbeddedData":[{"Description":"religion4","Type":"Custom","Field":"religion4","VariableType":"String","DataVisibility":[],"AnalyzeText":false,"Value":"Jewish"}]},{"Type":"EmbeddedData","FlowID":"FL_977","EmbeddedData":[{"Description":"religion4","Type":"Custom","Field":"religion4","VariableType":"String","DataVisibility":[],"AnalyzeText":false,"Value":"Catholic"}]},{"Type":"EmbeddedData","FlowID":"FL_978","EmbeddedData":[{"Description":"religion4","Type":"Custom","Field":"religion4","VariableType":"String","DataVisibility":[],"AnalyzeText":false,"Value":"Mainline protestant"}]},{"Type":"EmbeddedData","FlowID":"FL_979","EmbeddedData":[{"Description":"religion4","Type":"Custom","Field":"religion4","VariableType":"String","DataVisibility":[],"AnalyzeText":false,"Value":"Evangelical protestant"}]},{"Type":"EmbeddedData","FlowID":"FL_980","EmbeddedData":[{"Description":"religion4","Type":"Custom","Field":"religion4","VariableType":"String","DataVisibility":[],"AnalyzeText":false,"Value":"Mormon"}]}]},{"Type":"BlockRandomizer","FlowID":"FL_967","SubSet":1,"Flow":[{"Type":"EmbeddedData","FlowID":"FL_968","EmbeddedData":[{"Description":"religion5","Type":"Custom","Field":"religion5","VariableType":"String","DataVisibility":[],"AnalyzeText":false,"Value":"None"}]},{"Type":"EmbeddedData","FlowID":"FL_969","EmbeddedData":[{"Description":"religion5","Type":"Custom","Field":"religion5","VariableType":"String","DataVisibility":[],"AnalyzeText":false,"Value":"Jewish"}]},{"Type":"EmbeddedData","FlowID":"FL_970","EmbeddedData":[{"Description":"religion5","Type":"Custom","Field":"religion5","VariableType":"String","DataVisibility":[],"AnalyzeText":false,"Value":"Catholic"}]},{"Type":"EmbeddedData","FlowID":"FL_971","EmbeddedData":[{"Description":"religion5","Type":"Custom","Field":"religion5","VariableType":"String","DataVisibility":[],"AnalyzeText":false,"Value":"Mainline protestant"}]},{"Type":"EmbeddedData","FlowID":"FL_972","EmbeddedData":[{"Description":"religion5","Type":"Custom","Field":"religion5","VariableType":"String","DataVisibility":[],"AnalyzeText":false,"Value":"Evangelical protestant"}]},{"Type":"EmbeddedData","FlowID":"FL_973","EmbeddedData":[{"Description":"religion5","Type":"Custom","Field":"religion5","VariableType":"String","DataVisibility":[],"AnalyzeText":false,"Value":"Mormon"}]}]},{"Type":"BlockRandomizer","FlowID":"FL_995","SubSet":1,"Flow":[{"Type":"EmbeddedData","FlowID":"FL_996","EmbeddedData":[{"Description":"college1","Type":"Custom","Field":"college1","VariableType":"String","DataVisibility":[],"AnalyzeText":false,"Value":"No BA"}]},{"Type":"EmbeddedData","FlowID":"FL_997","EmbeddedData":[{"Description":"college1","Type":"Custom","Field":"college1","VariableType":"String","DataVisibility":[],"AnalyzeText":false,"Value":"BA from a Baptist college"}]},{"Type":"EmbeddedData","FlowID":"FL_998","EmbeddedData":[{"Description":"college1","Type":"Custom","Field":"college1","VariableType":"String","DataVisibility":[],"AnalyzeText":false,"Value":"BA from a community college"}]},{"Type":"EmbeddedData","FlowID":"FL_999","EmbeddedData":[{"Description":"college1","Type":"Custom","Field":"college1","VariableType":"String","DataVisibility":[],"AnalyzeText":false,"Value":"BA from a small college"}]},{"Type":"EmbeddedData","FlowID":"FL_1000","EmbeddedData":[{"Description":"college1","Type":"Custom","Field":"college1","VariableType":"String","DataVisibility":[],"AnalyzeText":false,"Value":"BA from a state university"}]},{"Type":"EmbeddedData","FlowID":"FL_1001","EmbeddedData":[{"Description":"college1","Type":"Custom","Field":"college1","VariableType":"String","DataVisibility":[],"AnalyzeText":false,"Value":"BA from an Ivy League university"}]}]},{"Type":"BlockRandomizer","FlowID":"FL_1023","SubSet":1,"Flow":[{"Type":"EmbeddedData","FlowID":"FL_1024","EmbeddedData":[{"Description":"college2","Type":"Custom","Field":"college2","VariableType":"String","DataVisibility":[],"AnalyzeText":false,"Value":"No BA"}]},{"Type":"EmbeddedData","FlowID":"FL_1025","EmbeddedData":[{"Description":"college2","Type":"Custom","Field":"college2","VariableType":"String","DataVisibility":[],"AnalyzeText":false,"Value":"BA from a Baptist college"}]},{"Type":"EmbeddedData","FlowID":"FL_1026","EmbeddedData":[{"Description":"college2","Type":"Custom","Field":"college2","VariableType":"String","DataVisibility":[],"AnalyzeText":false,"Value":"BA from a community college"}]},{"Type":"EmbeddedData","FlowID":"FL_1027","EmbeddedData":[{"Description":"college2","Type":"Custom","Field":"college2","VariableType":"String","DataVisibility":[],"AnalyzeText":false,"Value":"BA from a small college"}]},{"Type":"EmbeddedData","FlowID":"FL_1028","EmbeddedData":[{"Description":"college2","Type":"Custom","Field":"college2","VariableType":"String","DataVisibility":[],"AnalyzeText":false,"Value":"BA from a state university"}]},{"Type":"EmbeddedData","FlowID":"FL_1029","EmbeddedData":[{"Description":"college2","Type":"Custom","Field":"college2","VariableType":"String","DataVisibility":[],"AnalyzeText":false,"Value":"BA from an Ivy League university"}]}]},{"Type":"BlockRandomizer","FlowID":"FL_1016","SubSet":1,"Flow":[{"Type":"EmbeddedData","FlowID":"FL_1017","EmbeddedData":[{"Description":"college3","Type":"Custom","Field":"college3","VariableType":"String","DataVisibility":[],"AnalyzeText":false,"Value":"No BA"}]},{"Type":"EmbeddedData","FlowID":"FL_1018","EmbeddedData":[{"Description":"college3","Type":"Custom","Field":"college3","VariableType":"String","DataVisibility":[],"AnalyzeText":false,"Value":"BA from a Baptist college"}]},{"Type":"EmbeddedData","FlowID":"FL_1019","EmbeddedData":[{"Description":"college3","Type":"Custom","Field":"college3","VariableType":"String","DataVisibility":[],"AnalyzeText":false,"Value":"BA from a community college"}]},{"Type":"EmbeddedData","FlowID":"FL_1020","EmbeddedData":[{"Description":"college3","Type":"Custom","Field":"college3","VariableType":"String","DataVisibility":[],"AnalyzeText":false,"Value":"BA from a small college"}]},{"Type":"EmbeddedData","FlowID":"FL_1021","EmbeddedData":[{"Description":"college3","Type":"Custom","Field":"college3","VariableType":"String","DataVisibility":[],"AnalyzeText":false,"Value":"BA from a state university"}]},{"Type":"EmbeddedData","FlowID":"FL_1022","EmbeddedData":[{"Description":"college3","Type":"Custom","Field":"college3","VariableType":"String","DataVisibility":[],"AnalyzeText":false,"Value":"BA from an Ivy League university"}]}]},{"Type":"BlockRandomizer","FlowID":"FL_1009","SubSet":1,"Flow":[{"Type":"EmbeddedData","FlowID":"FL_1010","EmbeddedData":[{"Description":"college4","Type":"Custom","Field":"college4","VariableType":"String","DataVisibility":[],"AnalyzeText":false,"Value":"No BA"}]},{"Type":"EmbeddedData","FlowID":"FL_1011","EmbeddedData":[{"Description":"college4","Type":"Custom","Field":"college4","VariableType":"String","DataVisibility":[],"AnalyzeText":false,"Value":"BA from a Baptist college"}]},{"Type":"EmbeddedData","FlowID":"FL_1012","EmbeddedData":[{"Description":"college4","Type":"Custom","Field":"college4","VariableType":"String","DataVisibility":[],"AnalyzeText":false,"Value":"BA from a community college"}]},{"Type":"EmbeddedData","FlowID":"FL_1013","EmbeddedData":[{"Description":"college4","Type":"Custom","Field":"college4","VariableType":"String","DataVisibility":[],"AnalyzeText":false,"Value":"BA from a small college"}]},{"Type":"EmbeddedData","FlowID":"FL_1014","EmbeddedData":[{"Description":"college4","Type":"Custom","Field":"college4","VariableType":"String","DataVisibility":[],"AnalyzeText":false,"Value":"BA from a state university"}]},{"Type":"EmbeddedData","FlowID":"FL_1015","EmbeddedData":[{"Description":"college4","Type":"Custom","Field":"college4","VariableType":"String","DataVisibility":[],"AnalyzeText":false,"Value":"BA from an Ivy League university"}]}]},{"Type":"BlockRandomizer","FlowID":"FL_1002","SubSet":1,"Flow":[{"Type":"EmbeddedData","FlowID":"FL_1003","EmbeddedData":[{"Description":"college5","Type":"Custom","Field":"college5","VariableType":"String","DataVisibility":[],"AnalyzeText":false,"Value":"No BA"}]},{"Type":"EmbeddedData","FlowID":"FL_1004","EmbeddedData":[{"Description":"college5","Type":"Custom","Field":"college5","VariableType":"String","DataVisibility":[],"AnalyzeText":false,"Value":"BA from a Baptist college"}]},{"Type":"EmbeddedData","FlowID":"FL_1005","EmbeddedData":[{"Description":"college5","Type":"Custom","Field":"college5","VariableType":"String","DataVisibility":[],"AnalyzeText":false,"Value":"BA from a community college"}]},{"Type":"EmbeddedData","FlowID":"FL_1006","EmbeddedData":[{"Description":"college5","Type":"Custom","Field":"college5","VariableType":"String","DataVisibility":[],"AnalyzeText":false,"Value":"BA from a small college"}]},{"Type":"EmbeddedData","FlowID":"FL_1007","EmbeddedData":[{"Description":"college5","Type":"Custom","Field":"college5","VariableType":"String","DataVisibility":[],"AnalyzeText":false,"Value":"BA from a state university"}]},{"Type":"EmbeddedData","FlowID":"FL_1008","EmbeddedData":[{"Description":"college5","Type":"Custom","Field":"college5","VariableType":"String","DataVisibility":[],"AnalyzeText":false,"Value":"BA from an Ivy League university"}]}]},{"Type":"BlockRandomizer","FlowID":"FL_1030","SubSet":1,"Flow":[{"Type":"EmbeddedData","FlowID":"FL_1031","EmbeddedData":[{"Description":"profession1","Type":"Custom","Field":"profession1","VariableType":"String","DataVisibility":[],"AnalyzeText":false,"Value":"Business owner"}]},{"Type":"EmbeddedData","FlowID":"FL_1037","EmbeddedData":[{"Description":"profession1","Type":"Custom","Field":"profession1","VariableType":"String","DataVisibility":[],"AnalyzeText":false,"Value":"Lawyer"}]},{"Type":"EmbeddedData","FlowID":"FL_1033","EmbeddedData":[{"Description":"profession1","Type":"Custom","Field":"profession1","VariableType":"String","DataVisibility":[],"AnalyzeText":false,"Value":"Doctor"}]},{"Type":"EmbeddedData","FlowID":"FL_1034","EmbeddedData":[{"Description":"profession1","Type":"Custom","Field":"profession1","VariableType":"String","DataVisibility":[],"AnalyzeText":false,"Value":"High school teacher"}]},{"Type":"EmbeddedData","FlowID":"FL_1035","EmbeddedData":[{"Description":"profession1","Type":"Custom","Field":"profession1","VariableType":"String","DataVisibility":[],"AnalyzeText":false,"Value":"Farmer"}]},{"Type":"EmbeddedData","FlowID":"FL_1036","EmbeddedData":[{"Description":"profession1","Type":"Custom","Field":"profession1","VariableType":"String","DataVisibility":[],"AnalyzeText":false,"Value":"Car dealer"}]},{"Type":"EmbeddedData","FlowID":"FL_1038","EmbeddedData":[{"Description":"profession1","Type":"Custom","Field":"profession1","VariableType":"String","DataVisibility":[],"AnalyzeText":false,"Value":"Council member"}]}]},{"Type":"BlockRandomizer","FlowID":"FL_1039","SubSet":1,"Flow":[{"Type":"EmbeddedData","FlowID":"FL_1040","EmbeddedData":[{"Description":"profession2","Type":"Custom","Field":"profession2","VariableType":"String","DataVisibility":[],"AnalyzeText":false,"Value":"Business owner"}]},{"Type":"EmbeddedData","FlowID":"FL_1041","EmbeddedData":[{"Description":"profession2","Type":"Custom","Field":"profession2","VariableType":"String","DataVisibility":[],"AnalyzeText":false,"Value":"Lawyer"}]},{"Type":"EmbeddedData","FlowID":"FL_1042","EmbeddedData":[{"Description":"profession2","Type":"Custom","Field":"profession2","VariableType":"String","DataVisibility":[],"AnalyzeText":false,"Value":"Doctor"}]},{"Type":"EmbeddedData","FlowID":"FL_1043","EmbeddedData":[{"Description":"profession2","Type":"Custom","Field":"profession2","VariableType":"String","DataVisibility":[],"AnalyzeText":false,"Value":"High school teacher"}]},{"Type":"EmbeddedData","FlowID":"FL_1044","EmbeddedData":[{"Description":"profession2","Type":"Custom","Field":"profession2","VariableType":"String","DataVisibility":[],"AnalyzeText":false,"Value":"Farmer"}]},{"Type":"EmbeddedData","FlowID":"FL_1045","EmbeddedData":[{"Description":"profession2","Type":"Custom","Field":"profession2","VariableType":"String","DataVisibility":[],"AnalyzeText":false,"Value":"Car dealer"}]},{"Type":"EmbeddedData","FlowID":"FL_1046","EmbeddedData":[{"Description":"profession2","Type":"Custom","Field":"profession2","VariableType":"String","DataVisibility":[],"AnalyzeText":false,"Value":"Council member"}]}]},{"Type":"BlockRandomizer","FlowID":"FL_1071","SubSet":1,"Flow":[{"Type":"EmbeddedData","FlowID":"FL_1072","EmbeddedData":[{"Description":"profession3","Type":"Custom","Field":"profession3","VariableType":"String","DataVisibility":[],"AnalyzeText":false,"Value":"Business owner"}]},{"Type":"EmbeddedData","FlowID":"FL_1073","EmbeddedData":[{"Description":"profession3","Type":"Custom","Field":"profession3","VariableType":"String","DataVisibility":[],"AnalyzeText":false,"Value":"Lawyer"}]},{"Type":"EmbeddedData","FlowID":"FL_1074","EmbeddedData":[{"Description":"profession3","Type":"Custom","Field":"profession3","VariableType":"String","DataVisibility":[],"AnalyzeText":false,"Value":"Doctor"}]},{"Type":"EmbeddedData","FlowID":"FL_1075","EmbeddedData":[{"Description":"profession3","Type":"Custom","Field":"profession3","VariableType":"String","DataVisibility":[],"AnalyzeText":false,"Value":"High school teacher"}]},{"Type":"EmbeddedData","FlowID":"FL_1076","EmbeddedData":[{"Description":"profession3","Type":"Custom","Field":"profession3","VariableType":"String","DataVisibility":[],"AnalyzeText":false,"Value":"Farmer"}]},{"Type":"EmbeddedData","FlowID":"FL_1077","EmbeddedData":[{"Description":"profession3","Type":"Custom","Field":"profession3","VariableType":"String","DataVisibility":[],"AnalyzeText":false,"Value":"Car dealer"}]},{"Type":"EmbeddedData","FlowID":"FL_1078","EmbeddedData":[{"Description":"profession3","Type":"Custom","Field":"profession3","VariableType":"String","DataVisibility":[],"AnalyzeText":false,"Value":"Council member"}]}]},{"Type":"BlockRandomizer","FlowID":"FL_1063","SubSet":1,"Flow":[{"Type":"EmbeddedData","FlowID":"FL_1064","EmbeddedData":[{"Description":"profession4","Type":"Custom","Field":"profession4","VariableType":"String","DataVisibility":[],"AnalyzeText":false,"Value":"Business owner"}]},{"Type":"EmbeddedData","FlowID":"FL_1065","EmbeddedData":[{"Description":"profession4","Type":"Custom","Field":"profession4","VariableType":"String","DataVisibility":[],"AnalyzeText":false,"Value":"Lawyer"}]},{"Type":"EmbeddedData","FlowID":"FL_1066","EmbeddedData":[{"Description":"profession4","Type":"Custom","Field":"profession4","VariableType":"String","DataVisibility":[],"AnalyzeText":false,"Value":"Doctor"}]},{"Type":"EmbeddedData","FlowID":"FL_1067","EmbeddedData":[{"Description":"profession4","Type":"Custom","Field":"profession4","VariableType":"String","DataVisibility":[],"AnalyzeText":false,"Value":"High school teacher"}]},{"Type":"EmbeddedData","FlowID":"FL_1068","EmbeddedData":[{"Description":"profession4","Type":"Custom","Field":"profession4","VariableType":"String","DataVisibility":[],"AnalyzeText":false,"Value":"Farmer"}]},{"Type":"EmbeddedData","FlowID":"FL_1069","EmbeddedData":[{"Description":"profession4","Type":"Custom","Field":"profession4","VariableType":"String","DataVisibility":[],"AnalyzeText":false,"Value":"Car dealer"}]},{"Type":"EmbeddedData","FlowID":"FL_1070","EmbeddedData":[{"Description":"profession4","Type":"Custom","Field":"profession4","VariableType":"String","DataVisibility":[],"AnalyzeText":false,"Value":"Council member"}]}]},{"Type":"BlockRandomizer","FlowID":"FL_1055","SubSet":1,"Flow":[{"Type":"EmbeddedData","FlowID":"FL_1056","EmbeddedData":[{"Description":"profession5","Type":"Custom","Field":"profession5","VariableType":"String","DataVisibility":[],"AnalyzeText":false,"Value":"Business owner"}]},{"Type":"EmbeddedData","FlowID":"FL_1057","EmbeddedData":[{"Description":"profession5","Type":"Custom","Field":"profession5","VariableType":"String","DataVisibility":[],"AnalyzeText":false,"Value":"Lawyer"}]},{"Type":"EmbeddedData","FlowID":"FL_1058","EmbeddedData":[{"Description":"profession5","Type":"Custom","Field":"profession5","VariableType":"String","DataVisibility":[],"AnalyzeText":false,"Value":"Doctor"}]},{"Type":"EmbeddedData","FlowID":"FL_1059","EmbeddedData":[{"Description":"profession5","Type":"Custom","Field":"profession5","VariableType":"String","DataVisibility":[],"AnalyzeText":false,"Value":"High school teacher"}]},{"Type":"EmbeddedData","FlowID":"FL_1060","EmbeddedData":[{"Description":"profession5","Type":"Custom","Field":"profession5","VariableType":"String","DataVisibility":[],"AnalyzeText":false,"Value":"Farmer"}]},{"Type":"EmbeddedData","FlowID":"FL_1061","EmbeddedData":[{"Description":"profession5","Type":"Custom","Field":"profession5","VariableType":"String","DataVisibility":[],"AnalyzeText":false,"Value":"Car dealer"}]},{"Type":"EmbeddedData","FlowID":"FL_1062","EmbeddedData":[{"Description":"profession5","Type":"Custom","Field":"profession5","VariableType":"String","DataVisibility":[],"AnalyzeText":false,"Value":"Council member"}]}]},{"Type":"BlockRandomizer","FlowID":"FL_1047","SubSet":1,"Flow":[{"Type":"EmbeddedData","FlowID":"FL_1048","EmbeddedData":[{"Description":"income1","Type":"Custom","Field":"income1","VariableType":"String","DataVisibility":[],"AnalyzeText":false,"Value":"$32,000"}]},{"Type":"EmbeddedData","FlowID":"FL_1049","EmbeddedData":[{"Description":"income1","Type":"Custom","Field":"income1","VariableType":"String","DataVisibility":[],"AnalyzeText":false,"Value":"$54,000"}]},{"Type":"EmbeddedData","FlowID":"FL_1050","EmbeddedData":[{"Description":"income1","Type":"Custom","Field":"income1","VariableType":"String","DataVisibility":[],"AnalyzeText":false,"Value":"$65,000"}]},{"Type":"EmbeddedData","FlowID":"FL_1051","EmbeddedData":[{"Description":"income1","Type":"Custom","Field":"income1","VariableType":"String","DataVisibility":[],"AnalyzeText":false,"Value":"$92,000"}]},{"Type":"EmbeddedData","FlowID":"FL_1079","EmbeddedData":[{"Description":"income1","Type":"Custom","Field":"income1","VariableType":"String","DataVisibility":[],"AnalyzeText":false,"Value":"$210,000"}]},{"Type":"EmbeddedData","FlowID":"FL_1052","EmbeddedData":[{"Description":"income1","Type":"Custom","Field":"income1","VariableType":"String","DataVisibility":[],"AnalyzeText":false,"Value":"$5,100,000"}]}]},{"Type":"BlockRandomizer","FlowID":"FL_1108","SubSet":1,"Flow":[{"Type":"EmbeddedData","FlowID":"FL_1109","EmbeddedData":[{"Description":"income2","Type":"Custom","Field":"income2","VariableType":"String","DataVisibility":[],"AnalyzeText":false,"Value":"$32,000"}]},{"Type":"EmbeddedData","FlowID":"FL_1110","EmbeddedData":[{"Description":"income2","Type":"Custom","Field":"income2","VariableType":"String","DataVisibility":[],"AnalyzeText":false,"Value":"$54,000"}]},{"Type":"EmbeddedData","FlowID":"FL_1111","EmbeddedData":[{"Description":"income2","Type":"Custom","Field":"income2","VariableType":"String","DataVisibility":[],"AnalyzeText":false,"Value":"$65,000"}]},{"Type":"EmbeddedData","FlowID":"FL_1112","EmbeddedData":[{"Description":"income2","Type":"Custom","Field":"income2","VariableType":"String","DataVisibility":[],"AnalyzeText":false,"Value":"$92,000"}]},{"Type":"EmbeddedData","FlowID":"FL_1113","EmbeddedData":[{"Description":"income2","Type":"Custom","Field":"income2","VariableType":"String","DataVisibility":[],"AnalyzeText":false,"Value":"$210,000"}]},{"Type":"EmbeddedData","FlowID":"FL_1114","EmbeddedData":[{"Description":"income2","Type":"Custom","Field":"income2","VariableType":"String","DataVisibility":[],"AnalyzeText":false,"Value":"$5,100,000"}]}]},{"Type":"BlockRandomizer","FlowID":"FL_1101","SubSet":1,"Flow":[{"Type":"EmbeddedData","FlowID":"FL_1102","EmbeddedData":[{"Description":"income3","Type":"Custom","Field":"income3","VariableType":"String","DataVisibility":[],"AnalyzeText":false,"Value":"$32,000"}]},{"Type":"EmbeddedData","FlowID":"FL_1103","EmbeddedData":[{"Description":"income3","Type":"Custom","Field":"income3","VariableType":"String","DataVisibility":[],"AnalyzeText":false,"Value":"$54,000"}]},{"Type":"EmbeddedData","FlowID":"FL_1104","EmbeddedData":[{"Description":"income3","Type":"Custom","Field":"income3","VariableType":"String","DataVisibility":[],"AnalyzeText":false,"Value":"$65,000"}]},{"Type":"EmbeddedData","FlowID":"FL_1105","EmbeddedData":[{"Description":"income3","Type":"Custom","Field":"income3","VariableType":"String","DataVisibility":[],"AnalyzeText":false,"Value":"$92,000"}]},{"Type":"EmbeddedData","FlowID":"FL_1106","EmbeddedData":[{"Description":"income3","Type":"Custom","Field":"income3","VariableType":"String","DataVisibility":[],"AnalyzeText":false,"Value":"$210,000"}]},{"Type":"EmbeddedData","FlowID":"FL_1107","EmbeddedData":[{"Description":"income3","Type":"Custom","Field":"income3","VariableType":"String","DataVisibility":[],"AnalyzeText":false,"Value":"$5,100,000"}]}]},{"Type":"BlockRandomizer","FlowID":"FL_1094","SubSet":1,"Flow":[{"Type":"EmbeddedData","FlowID":"FL_1095","EmbeddedData":[{"Description":"income4","Type":"Custom","Field":"income4","VariableType":"String","DataVisibility":[],"AnalyzeText":false,"Value":"$32,000"}]},{"Type":"EmbeddedData","FlowID":"FL_1096","EmbeddedData":[{"Description":"income4","Type":"Custom","Field":"income4","VariableType":"String","DataVisibility":[],"AnalyzeText":false,"Value":"$54,000"}]},{"Type":"EmbeddedData","FlowID":"FL_1097","EmbeddedData":[{"Description":"income4","Type":"Custom","Field":"income4","VariableType":"String","DataVisibility":[],"AnalyzeText":false,"Value":"$65,000"}]},{"Type":"EmbeddedData","FlowID":"FL_1098","EmbeddedData":[{"Description":"income4","Type":"Custom","Field":"income4","VariableType":"String","DataVisibility":[],"AnalyzeText":false,"Value":"$92,000"}]},{"Type":"EmbeddedData","FlowID":"FL_1099","EmbeddedData":[{"Description":"income4","Type":"Custom","Field":"income4","VariableType":"String","DataVisibility":[],"AnalyzeText":false,"Value":"$210,000"}]},{"Type":"EmbeddedData","FlowID":"FL_1100","EmbeddedData":[{"Description":"income4","Type":"Custom","Field":"income4","VariableType":"String","DataVisibility":[],"AnalyzeText":false,"Value":"$5,100,000"}]}]},{"Type":"BlockRandomizer","FlowID":"FL_1087","SubSet":1,"Flow":[{"Type":"EmbeddedData","FlowID":"FL_1088","EmbeddedData":[{"Description":"income5","Type":"Custom","Field":"income5","VariableType":"String","DataVisibility":[],"AnalyzeText":false,"Value":"$32,000"}]},{"Type":"EmbeddedData","FlowID":"FL_1089","EmbeddedData":[{"Description":"income5","Type":"Custom","Field":"income5","VariableType":"String","DataVisibility":[],"AnalyzeText":false,"Value":"$54,000"}]},{"Type":"EmbeddedData","FlowID":"FL_1090","EmbeddedData":[{"Description":"income5","Type":"Custom","Field":"income5","VariableType":"String","DataVisibility":[],"AnalyzeText":false,"Value":"$65,000"}]},{"Type":"EmbeddedData","FlowID":"FL_1091","EmbeddedData":[{"Description":"income5","Type":"Custom","Field":"income5","VariableType":"String","DataVisibility":[],"AnalyzeText":false,"Value":"$92,000"}]},{"Type":"EmbeddedData","FlowID":"FL_1092","EmbeddedData":[{"Description":"income5","Type":"Custom","Field":"income5","VariableType":"String","DataVisibility":[],"AnalyzeText":false,"Value":"$210,000"}]},{"Type":"EmbeddedData","FlowID":"FL_1093","EmbeddedData":[{"Description":"income5","Type":"Custom","Field":"income5","VariableType":"String","DataVisibility":[],"AnalyzeText":false,"Value":"$5,100,000"}]}]},{"Type":"BlockRandomizer","FlowID":"FL_1080","SubSet":1,"Flow":[{"Type":"EmbeddedData","FlowID":"FL_1081","EmbeddedData":[{"Description":"race1","Type":"Custom","Field":"race1","VariableType":"String","DataVisibility":[],"AnalyzeText":false,"Value":"White"}]},{"Type":"EmbeddedData","FlowID":"FL_1082","EmbeddedData":[{"Description":"race1","Type":"Custom","Field":"race1","VariableType":"String","DataVisibility":[],"AnalyzeText":false,"Value":"Native American"}]},{"Type":"EmbeddedData","FlowID":"FL_1083","EmbeddedData":[{"Description":"race1","Type":"Custom","Field":"race1","VariableType":"String","DataVisibility":[],"AnalyzeText":false,"Value":"Black"}]},{"Type":"EmbeddedData","FlowID":"FL_1084","EmbeddedData":[{"Description":"race1","Type":"Custom","Field":"race1","VariableType":"String","DataVisibility":[],"AnalyzeText":false,"Value":"Hispanic"}]},{"Type":"EmbeddedData","FlowID":"FL_1085","EmbeddedData":[{"Description":"race1","Type":"Custom","Field":"race1","VariableType":"String","DataVisibility":[],"AnalyzeText":false,"Value":"Asian American"}]}]},{"Type":"BlockRandomizer","FlowID":"FL_1133","SubSet":1,"Flow":[{"Type":"EmbeddedData","FlowID":"FL_1134","EmbeddedData":[{"Description":"race2","Type":"Custom","Field":"race2","VariableType":"String","DataVisibility":[],"AnalyzeText":false,"Value":"White"}]},{"Type":"EmbeddedData","FlowID":"FL_1135","EmbeddedData":[{"Description":"race2","Type":"Custom","Field":"race2","VariableType":"String","DataVisibility":[],"AnalyzeText":false,"Value":"Native American"}]},{"Type":"EmbeddedData","FlowID":"FL_1136","EmbeddedData":[{"Description":"race2","Type":"Custom","Field":"race2","VariableType":"String","DataVisibility":[],"AnalyzeText":false,"Value":"Black"}]},{"Type":"EmbeddedData","FlowID":"FL_1137","EmbeddedData":[{"Description":"race2","Type":"Custom","Field":"race2","VariableType":"String","DataVisibility":[],"AnalyzeText":false,"Value":"Hispanic"}]},{"Type":"EmbeddedData","FlowID":"FL_1138","EmbeddedData":[{"Description":"race2","Type":"Custom","Field":"race2","VariableType":"String","DataVisibility":[],"AnalyzeText":false,"Value":"Asian American"}]}]},{"Type":"BlockRandomizer","FlowID":"FL_1127","SubSet":1,"Flow":[{"Type":"EmbeddedData","FlowID":"FL_1128","EmbeddedData":[{"Description":"race3","Type":"Custom","Field":"race3","VariableType":"String","DataVisibility":[],"AnalyzeText":false,"Value":"White"}]},{"Type":"EmbeddedData","FlowID":"FL_1129","EmbeddedData":[{"Description":"race3","Type":"Custom","Field":"race3","VariableType":"String","DataVisibility":[],"AnalyzeText":false,"Value":"Native American"}]},{"Type":"EmbeddedData","FlowID":"FL_1130","EmbeddedData":[{"Description":"race3","Type":"Custom","Field":"race3","VariableType":"String","DataVisibility":[],"AnalyzeText":false,"Value":"Black"}]},{"Type":"EmbeddedData","FlowID":"FL_1131","EmbeddedData":[{"Description":"race3","Type":"Custom","Field":"race3","VariableType":"String","DataVisibility":[],"AnalyzeText":false,"Value":"Hispanic"}]},{"Type":"EmbeddedData","FlowID":"FL_1132","EmbeddedData":[{"Description":"race3","Type":"Custom","Field":"race3","VariableType":"String","DataVisibility":[],"AnalyzeText":false,"Value":"Asian American"}]}]},{"Type":"BlockRandomizer","FlowID":"FL_1121","SubSet":1,"Flow":[{"Type":"EmbeddedData","FlowID":"FL_1122","EmbeddedData":[{"Description":"race4","Type":"Custom","Field":"race4","VariableType":"String","DataVisibility":[],"AnalyzeText":false,"Value":"White"}]},{"Type":"EmbeddedData","FlowID":"FL_1123","EmbeddedData":[{"Description":"race4","Type":"Custom","Field":"race4","VariableType":"String","DataVisibility":[],"AnalyzeText":false,"Value":"Native American"}]},{"Type":"EmbeddedData","FlowID":"FL_1124","EmbeddedData":[{"Description":"race4","Type":"Custom","Field":"race4","VariableType":"String","DataVisibility":[],"AnalyzeText":false,"Value":"Black"}]},{"Type":"EmbeddedData","FlowID":"FL_1125","EmbeddedData":[{"Description":"race4","Type":"Custom","Field":"race4","VariableType":"String","DataVisibility":[],"AnalyzeText":false,"Value":"Hispanic"}]},{"Type":"EmbeddedData","FlowID":"FL_1126","EmbeddedData":[{"Description":"race4","Type":"Custom","Field":"race4","VariableType":"String","DataVisibility":[],"AnalyzeText":false,"Value":"Asian American"}]}]},{"Type":"BlockRandomizer","FlowID":"FL_1115","SubSet":1,"Flow":[{"Type":"EmbeddedData","FlowID":"FL_1116","EmbeddedData":[{"Description":"race5","Type":"Custom","Field":"race5","VariableType":"String","DataVisibility":[],"AnalyzeText":false,"Value":"White"}]},{"Type":"EmbeddedData","FlowID":"FL_1117","EmbeddedData":[{"Description":"race5","Type":"Custom","Field":"race5","VariableType":"String","DataVisibility":[],"AnalyzeText":false,"Value":"Native American"}]},{"Type":"EmbeddedData","FlowID":"FL_1118","EmbeddedData":[{"Description":"race5","Type":"Custom","Field":"race5","VariableType":"String","DataVisibility":[],"AnalyzeText":false,"Value":"Black"}]},{"Type":"EmbeddedData","FlowID":"FL_1119","EmbeddedData":[{"Description":"race5","Type":"Custom","Field":"race5","VariableType":"String","DataVisibility":[],"AnalyzeText":false,"Value":"Hispanic"}]},{"Type":"EmbeddedData","FlowID":"FL_1120","EmbeddedData":[{"Description":"race5","Type":"Custom","Field":"race5","VariableType":"String","DataVisibility":[],"AnalyzeText":false,"Value":"Asian American"}]}]},{"Type":"BlockRandomizer","FlowID":"FL_1139","SubSet":1,"Flow":[{"Type":"EmbeddedData","FlowID":"FL_1140","EmbeddedData":[{"Description":"gender1","Type":"Custom","Field":"gender1","VariableType":"String","DataVisibility":[],"AnalyzeText":false,"Value":"Man"}]},{"Type":"EmbeddedData","FlowID":"FL_1141","EmbeddedData":[{"Description":"gender1","Type":"Custom","Field":"gender1","VariableType":"String","DataVisibility":[],"AnalyzeText":false,"Value":"Woman"}]}]},{"Type":"BlockRandomizer","FlowID":"FL_1154","SubSet":1,"Flow":[{"Type":"EmbeddedData","FlowID":"FL_1155","EmbeddedData":[{"Description":"gender2","Type":"Custom","Field":"gender2","VariableType":"String","DataVisibility":[],"AnalyzeText":false,"Value":"Man"}]},{"Type":"EmbeddedData","FlowID":"FL_1156","EmbeddedData":[{"Description":"gender2","Type":"Custom","Field":"gender2","VariableType":"String","DataVisibility":[],"AnalyzeText":false,"Value":"Woman"}]}]},{"Type":"BlockRandomizer","FlowID":"FL_1151","SubSet":1,"Flow":[{"Type":"EmbeddedData","FlowID":"FL_1152","EmbeddedData":[{"Description":"gender3","Type":"Custom","Field":"gender3","VariableType":"String","DataVisibility":[],"AnalyzeText":false,"Value":"Man"}]},{"Type":"EmbeddedData","FlowID":"FL_1153","EmbeddedData":[{"Description":"gender3","Type":"Custom","Field":"gender3","VariableType":"String","DataVisibility":[],"AnalyzeText":false,"Value":"Woman"}]}]},{"Type":"BlockRandomizer","FlowID":"FL_1148","SubSet":1,"Flow":[{"Type":"EmbeddedData","FlowID":"FL_1149","EmbeddedData":[{"Description":"gender4","Type":"Custom","Field":"gender4","VariableType":"String","DataVisibility":[],"AnalyzeText":false,"Value":"Man"}]},{"Type":"EmbeddedData","FlowID":"FL_1150","EmbeddedData":[{"Description":"gender4","Type":"Custom","Field":"gender4","VariableType":"String","DataVisibility":[],"AnalyzeText":false,"Value":"Woman"}]}]},{"Type":"BlockRandomizer","FlowID":"FL_1145","SubSet":1,"Flow":[{"Type":"EmbeddedData","FlowID":"FL_1146","EmbeddedData":[{"Description":"gender5","Type":"Custom","Field":"gender5","VariableType":"String","DataVisibility":[],"AnalyzeText":false,"Value":"Man"}]},{"Type":"EmbeddedData","FlowID":"FL_1147","EmbeddedData":[{"Description":"gender5","Type":"Custom","Field":"gender5","VariableType":"String","DataVisibility":[],"AnalyzeText":false,"Value":"Woman"}]}]},{"Type":"BlockRandomizer","FlowID":"FL_1157","SubSet":1,"Flow":[{"Type":"EmbeddedData","FlowID":"FL_1158","EmbeddedData":[{"Description":"age1","Type":"Custom","Field":"age1","VariableType":"String","DataVisibility":[],"AnalyzeText":false,"Value":"${rand:\/\/int\/36:75}"}]}]},{"Type":"BlockRandomizer","FlowID":"FL_1166","SubSet":1,"Flow":[{"Type":"EmbeddedData","FlowID":"FL_1167","EmbeddedData":[{"Description":"age2","Type":"Custom","Field":"age2","VariableType":"String","DataVisibility":[],"AnalyzeText":false,"Value":"${rand:\/\/int\/36:75}"}]}]},{"Type":"BlockRandomizer","FlowID":"FL_1164","SubSet":1,"Flow":[{"Type":"EmbeddedData","FlowID":"FL_1165","EmbeddedData":[{"Description":"age3","Type":"Custom","Field":"age3","VariableType":"String","DataVisibility":[],"AnalyzeText":false,"Value":"${rand:\/\/int\/36:75}"}]}]},{"Type":"BlockRandomizer","FlowID":"FL_1162","SubSet":1,"Flow":[{"Type":"EmbeddedData","FlowID":"FL_1163","EmbeddedData":[{"Description":"age4","Type":"Custom","Field":"age4","VariableType":"String","DataVisibility":[],"AnalyzeText":false,"Value":"${rand:\/\/int\/36:75}"}]}]},{"Type":"BlockRandomizer","FlowID":"FL_1160","SubSet":1,"Flow":[{"Type":"EmbeddedData","FlowID":"FL_1161","EmbeddedData":[{"Description":"age5","Type":"Custom","Field":"age5","VariableType":"String","DataVisibility":[],"AnalyzeText":false,"Value":"${rand:\/\/int\/36:75}"}]}]},{"Type":"BlockRandomizer","FlowID":"FL_1168","SubSet":1,"Flow":[{"Type":"EmbeddedData","FlowID":"FL_1169","EmbeddedData":[{"Description":"inds1","Type":"Custom","Field":"inds1","VariableType":"String","DataVisibility":[],"AnalyzeText":false,"Value":"${rand:\/\/int\/20:25}"}]},{"Type":"EmbeddedData","FlowID":"FL_1183","EmbeddedData":[{"Description":"inds1","Type":"Custom","Field":"inds1","VariableType":"String","DataVisibility":[],"AnalyzeText":false,"Value":"${rand:\/\/int\/50:55}"}]},{"Type":"EmbeddedData","FlowID":"FL_1184","EmbeddedData":[{"Description":"inds1","Type":"Custom","Field":"inds1","VariableType":"String","DataVisibility":[],"AnalyzeText":false,"Value":"${rand:\/\/int\/75:80}"}]}]},{"Type":"BlockRandomizer","FlowID":"FL_1197","SubSet":1,"Flow":[{"Type":"EmbeddedData","FlowID":"FL_1198","EmbeddedData":[{"Description":"inds2","Type":"Custom","Field":"inds2","VariableType":"String","DataVisibility":[],"AnalyzeText":false,"Value":"${rand:\/\/int\/20:25}"}]},{"Type":"EmbeddedData","FlowID":"FL_1199","EmbeddedData":[{"Description":"inds2","Type":"Custom","Field":"inds2","VariableType":"String","DataVisibility":[],"AnalyzeText":false,"Value":"${rand:\/\/int\/50:55}"}]},{"Type":"EmbeddedData","FlowID":"FL_1200","EmbeddedData":[{"Description":"inds2","Type":"Custom","Field":"inds2","VariableType":"String","DataVisibility":[],"AnalyzeText":false,"Value":"${rand:\/\/int\/75:80}"}]}]},{"Type":"BlockRandomizer","FlowID":"FL_1193","SubSet":1,"Flow":[{"Type":"EmbeddedData","FlowID":"FL_1194","EmbeddedData":[{"Description":"inds3","Type":"Custom","Field":"inds3","VariableType":"String","DataVisibility":[],"AnalyzeText":false,"Value":"${rand:\/\/int\/20:25}"}]},{"Type":"EmbeddedData","FlowID":"FL_1195","EmbeddedData":[{"Description":"inds3","Type":"Custom","Field":"inds3","VariableType":"String","DataVisibility":[],"AnalyzeText":false,"Value":"${rand:\/\/int\/50:55}"}]},{"Type":"EmbeddedData","FlowID":"FL_1196","EmbeddedData":[{"Description":"inds3","Type":"Custom","Field":"inds3","VariableType":"String","DataVisibility":[],"AnalyzeText":false,"Value":"${rand:\/\/int\/75:80}"}]}]},{"Type":"BlockRandomizer","FlowID":"FL_1189","SubSet":1,"Flow":[{"Type":"EmbeddedData","FlowID":"FL_1190","EmbeddedData":[{"Description":"inds4","Type":"Custom","Field":"inds4","VariableType":"String","DataVisibility":[],"AnalyzeText":false,"Value":"${rand:\/\/int\/20:25}"}]},{"Type":"EmbeddedData","FlowID":"FL_1191","EmbeddedData":[{"Description":"inds4","Type":"Custom","Field":"inds4","VariableType":"String","DataVisibility":[],"AnalyzeText":false,"Value":"${rand:\/\/int\/50:55}"}]},{"Type":"EmbeddedData","FlowID":"FL_1192","EmbeddedData":[{"Description":"inds4","Type":"Custom","Field":"inds4","VariableType":"String","DataVisibility":[],"AnalyzeText":false,"Value":"${rand:\/\/int\/75:80}"}]}]},{"Type":"BlockRandomizer","FlowID":"FL_1185","SubSet":1,"Flow":[{"Type":"EmbeddedData","FlowID":"FL_1186","EmbeddedData":[{"Description":"inds5","Type":"Custom","Field":"inds5","VariableType":"String","DataVisibility":[],"AnalyzeText":false,"Value":"${rand:\/\/int\/20:25}"}]},{"Type":"EmbeddedData","FlowID":"FL_1187","EmbeddedData":[{"Description":"inds5","Type":"Custom","Field":"inds5","VariableType":"String","DataVisibility":[],"AnalyzeText":false,"Value":"${rand:\/\/int\/50:55}"}]},{"Type":"EmbeddedData","FlowID":"FL_1188","EmbeddedData":[{"Description":"inds5","Type":"Custom","Field":"inds5","VariableType":"String","DataVisibility":[],"AnalyzeText":false,"Value":"${rand:\/\/int\/75:80}"}]}]},{"Type":"Block","ID":"BL_3Rcu3PAPz59xvH8","FlowID":"FL_929","Autofill":[]},{"Type":"Standard","ID":"BL_dpuXubYaTdXk8kK","FlowID":"FL_944","Autofill":[]},{"Type":"Block","ID":"BL_exQpB2bZNKgfgz4","FlowID":"FL_930","Autofill":[]},{"Type":"Standard","ID":"BL_9Xh2fCrD9rFjs2y","FlowID":"FL_1179","Autofill":[]},{"Type":"Standard","ID":"BL_5gyeXOUvzfGWvrM","FlowID":"FL_1180","Autofill":[]},{"Type":"Standard","ID":"BL_bNRyGZAePBlou10","FlowID":"FL_1181","Autofill":[]},{"Type":"Standard","ID":"BL_8HZXZnprHErVdkO","FlowID":"FL_1182","Autofill":[]}],"Properties":{"Count":1201}}},{"SurveyID":"SV_3L8PF6N8y3P41SK","Element":"PL","PrimaryAttribute":"Preview Link","SecondaryAttribute":null,"TertiaryAttribute":null,"Payload":{"PreviewType":"Brand","PreviewID":"7a4dfcbf-eac2-478a-995a-d40d3beb33a0"}},{"SurveyID":"SV_3L8PF6N8y3P41SK","Element":"RS","PrimaryAttribute":"RS_afw780NeyIgbryC","SecondaryAttribute":null,"TertiaryAttribute":null,"Payload":null},{"SurveyID":"SV_3L8PF6N8y3P41SK","Element":"SO","PrimaryAttribute":"Survey Options","SecondaryAttribute":null,"TertiaryAttribute":null,"Payload":{"BackButton":"false","SaveAndContinue":"true","SurveyProtection":"PublicSurvey","BallotBoxStuffingPrevention":"false","NoIndex":"Yes","SecureResponseFiles":"true","SurveyExpiration":"None","SurveyTermination":"DefaultMessage","Header":"","Footer":"","ProgressBarDisplay":"NoText","PartialData":"+1 week","ValidationMessage":null,"PreviousButton":" \u2190 ","NextButton":" \u2192 ","SurveyTitle":"Qualtrics Survey | Qualtrics Experience Management","SkinLibrary":"dartmouth","SkinType":"templated","Skin":{"brandingId":null,"templateId":"*base","overrides":{"font":{"family":"arial, helvetica, sans-serif"},"contrast":0.299999999999999988897769753748434595763683319091796875}},"NewScoring":1,"EOSMessage":null,"ShowExportTags":"false","CollectGeoLocation":"false","SurveyMetaDescription":"The most powerful, simple and trusted way to gather experience data. Start your journey to experience management and try a free account today.","PasswordProtection":"No","AnonymizeResponse":"No","RefererCheck":"No","BallotBoxStuffingPreventionBehavior":null,"BallotBoxStuffingPreventionMessage":null,"BallotBoxStuffingPreventionMessageLibrary":null,"BallotBoxStuffingPreventionURL":null,"RecaptchaV3":"true","ConfirmStart":false,"AutoConfirmStart":false,"UseCustomSurveyLinkCompletedMessage":null,"SurveyLinkCompletedMessage":null,"SurveyLinkCompletedMessageLibrary":null,"ResponseSummary":"No","EOSMessageLibrary":null,"EOSRedirectURL":null,"EmailThankYou":"false","ThankYouEmailMessageLibrary":null,"ThankYouEmailMessage":null,"ValidateMessage":"false","ValidationMessageLibrary":null,"InactiveSurvey":null,"PartialDeletion":null,"PartialDataCloseAfter":"LastActivity","InactiveMessageLibrary":null,"InactiveMessage":null,"AvailableLanguages":{"EN":[]},"CustomStyles":[],"ProtectSelectionIds":true,"SurveyName":"CAC Template_1 Profile_Candidate Example"}},{"SurveyID":"SV_3L8PF6N8y3P41SK","Element":"SCO","PrimaryAttribute":"Scoring","SecondaryAttribute":null,"TertiaryAttribute":null,"Payload":{"ScoringCategories":[],"ScoringCategoryGroups":[],"ScoringSummaryCategory":null,"ScoringSummaryAfterQuestions":0,"ScoringSummaryAfterSurvey":0,"DefaultScoringCategory":null,"AutoScoringCategory":null}},{"SurveyID":"SV_3L8PF6N8y3P41SK","Element":"PROJ","PrimaryAttribute":"CORE","SecondaryAttribute":null,"TertiaryAttribute":"1.1.0","Payload":{"ProjectCategory":"CORE","SchemaVersion":"1.1.0"}},{"SurveyID":"SV_3L8PF6N8y3P41SK","Element":"STAT","PrimaryAttribute":"Survey Statistics","SecondaryAttribute":null,"TertiaryAttribute":null,"Payload":{"MobileCompatible":false,"ID":"Survey Statistics"}},{"SurveyID":"SV_3L8PF6N8y3P41SK","Element":"QC","PrimaryAttribute":"Survey Question Count","SecondaryAttribute":"137","TertiaryAttribute":null,"Payload":null},{"SurveyID":"SV_3L8PF6N8y3P41SK","Element":"SQ","PrimaryAttribute":"QID59","SecondaryAttribute":"From the previous screen, what was the candidate's religion?","TertiaryAttribute":null,"Payload":{"QuestionText":"From the previous screen, what was the candidate's religion?","DefaultChoices":false,"DataExportTag":"cac1","QuestionType":"MC","Selector":"SAVR","SubSelector":"TX","Configuration":{"QuestionDescriptionOption":"UseText"},"QuestionDescription":"From the previous screen, what was the candidate's religion?","Choices":{"1":{"Display":"Evangelical Protestant"},"4":{"Display":"Catholic"},"5":{"Display":"Jewish"},"6":{"Display":"Religion was not mentioned"}},"ChoiceOrder":["1","4","5","6"],"Validation":{"Settings":{"ForceResponse":"ON","ForceResponseType":"ON","Type":"None"}},"GradingData":[],"Language":[],"NextChoiceId":7,"NextAnswerId":1,"QuestionID":"QID59","DataVisibility":{"Private":false,"Hidden":false}}},{"SurveyID":"SV_3L8PF6N8y3P41SK","Element":"SQ","PrimaryAttribute":"QID57","SecondaryAttribute":"How likely would you be to vote for this candidate in an election? 1 indicates you would be very...","TertiaryAttribute":null,"Payload":{"QuestionText":"How likely would you be to vote for this candidate in an election? 1 indicates you would be very unlikely to vote for them, and 7 indicates you would be very likely to vote for them.","DefaultChoices":false,"DataExportTag":"rating_cac","QuestionID":"QID57","QuestionType":"Slider","Selector":"HSLIDER","DataVisibility":{"Private":false,"Hidden":false},"Configuration":{"QuestionDescriptionOption":"UseText","CSSliderMin":1,"CSSliderMax":7,"GridLines":6,"SnapToGrid":false,"NumDecimals":"0","ShowValue":true,"CustomStart":false,"NotApplicable":false,"MobileFirst":true},"QuestionDescription":"How likely would you be to vote for this candidate in an election? 1 indicates you would be very...","Choices":{"1":{"Display":"Vote Likelihood"}},"ChoiceOrder":["1"],"Validation":{"Settings":{"ForceResponse":"OFF","Type":"None"}},"GradingData":[],"Language":[],"NextChoiceId":10,"NextAnswerId":1,"Labels":[]}},{"SurveyID":"SV_3L8PF6N8y3P41SK","Element":"SQ","PrimaryAttribute":"QID131","SecondaryAttribute":"How likely would you be to vote for this candidate in an election? 1 indicates you would be very...","TertiaryAttribute":null,"Payload":{"QuestionText":"How likely would you be to vote for this candidate in an election? 1 indicates you would be very unlikely to vote for them, and 7 indicates you would be very likely to vote for them.","DefaultChoices":false,"DataExportTag":"rating_task1","QuestionType":"Slider","Selector":"HSLIDER","DataVisibility":{"Private":false,"Hidden":false},"Configuration":{"QuestionDescriptionOption":"UseText","CSSliderMin":1,"CSSliderMax":7,"GridLines":6,"SnapToGrid":false,"NumDecimals":"0","ShowValue":true,"CustomStart":false,"NotApplicable":false,"MobileFirst":true},"QuestionDescription":"How likely would you be to vote for this candidate in an election? 1 indicates you would be very...","Choices":{"1":{"Display":"Vote Likelihood"}},"ChoiceOrder":["1"],"Validation":{"Settings":{"ForceResponse":"ON","ForceResponseType":"ON","Type":"None"}},"GradingData":[],"Language":[],"NextChoiceId":10,"NextAnswerId":1,"Labels":[],"QuestionID":"QID131"}},{"SurveyID":"SV_3L8PF6N8y3P41SK","Element":"SQ","PrimaryAttribute":"QID132","SecondaryAttribute":"How likely would you be to vote for this candidate in an election? 1 indicates you would be very...","TertiaryAttribute":null,"Payload":{"QuestionText":"How likely would you be to vote for this candidate in an election? 1 indicates you would be very unlikely to vote for them, and 7 indicates you would be very likely to vote for them.","DefaultChoices":false,"DataExportTag":"rating_task2","QuestionType":"Slider","Selector":"HSLIDER","DataVisibility":{"Private":false,"Hidden":false},"Configuration":{"QuestionDescriptionOption":"UseText","CSSliderMin":1,"CSSliderMax":7,"GridLines":6,"SnapToGrid":false,"NumDecimals":"0","ShowValue":true,"CustomStart":false,"NotApplicable":false,"MobileFirst":true},"QuestionDescription":"How likely would you be to vote for this candidate in an election? 1 indicates you would be very...","Choices":{"1":{"Display":"Vote Likelihood"}},"ChoiceOrder":["1"],"Validation":{"Settings":{"ForceResponse":"ON","ForceResponseType":"ON","Type":"None"}},"GradingData":[],"Language":[],"NextChoiceId":10,"NextAnswerId":1,"Labels":[],"QuestionID":"QID132"}},{"SurveyID":"SV_3L8PF6N8y3P41SK","Element":"SQ","PrimaryAttribute":"QID133","SecondaryAttribute":"How likely would you be to vote for this candidate in an election? 1 indicates you would be very...","TertiaryAttribute":null,"Payload":{"QuestionText":"How likely would you be to vote for this candidate in an election? 1 indicates you would be very unlikely to vote for them, and 7 indicates you would be very likely to vote for them.","DefaultChoices":false,"DataExportTag":"rating_task3","QuestionType":"Slider","Selector":"HSLIDER","DataVisibility":{"Private":false,"Hidden":false},"Configuration":{"QuestionDescriptionOption":"UseText","CSSliderMin":1,"CSSliderMax":7,"GridLines":6,"SnapToGrid":false,"NumDecimals":"0","ShowValue":true,"CustomStart":false,"NotApplicable":false,"MobileFirst":true},"QuestionDescription":"How likely would you be to vote for this candidate in an election? 1 indicates you would be very...","Choices":{"1":{"Display":"Vote Likelihood"}},"ChoiceOrder":["1"],"Validation":{"Settings":{"ForceResponse":"ON","ForceResponseType":"ON","Type":"None"}},"GradingData":[],"Language":[],"NextChoiceId":10,"NextAnswerId":1,"Labels":[],"QuestionID":"QID133"}},{"SurveyID":"SV_3L8PF6N8y3P41SK","Element":"SQ","PrimaryAttribute":"QID134","SecondaryAttribute":"How likely would you be to vote for this candidate in an election? 1 indicates you would be very...","TertiaryAttribute":null,"Payload":{"QuestionText":"How likely would you be to vote for this candidate in an election? 1 indicates you would be very unlikely to vote for them, and 7 indicates you would be very likely to vote for them.","DefaultChoices":false,"DataExportTag":"rating_task4","QuestionType":"Slider","Selector":"HSLIDER","DataVisibility":{"Private":false,"Hidden":false},"Configuration":{"QuestionDescriptionOption":"UseText","CSSliderMin":1,"CSSliderMax":7,"GridLines":6,"SnapToGrid":false,"NumDecimals":"0","ShowValue":true,"CustomStart":false,"NotApplicable":false,"MobileFirst":true},"QuestionDescription":"How likely would you be to vote for this candidate in an election? 1 indicates you would be very...","Choices":{"1":{"Display":"Vote Likelihood"}},"ChoiceOrder":["1"],"Validation":{"Settings":{"ForceResponse":"ON","ForceResponseType":"ON","Type":"None"}},"GradingData":[],"Language":[],"NextChoiceId":10,"NextAnswerId":1,"Labels":[],"QuestionID":"QID134"}},{"SurveyID":"SV_3L8PF6N8y3P41SK","Element":"SQ","PrimaryAttribute":"QID135","SecondaryAttribute":"How likely would you be to vote for this candidate in an election? 1 indicates you would be very...","TertiaryAttribute":null,"Payload":{"QuestionText":"How likely would you be to vote for this candidate in an election? 1 indicates you would be very unlikely to vote for them, and 7 indicates you would be very likely to vote for them.","DefaultChoices":false,"DataExportTag":"rating_task5","QuestionType":"Slider","Selector":"HSLIDER","DataVisibility":{"Private":false,"Hidden":false},"Configuration":{"QuestionDescriptionOption":"UseText","CSSliderMin":1,"CSSliderMax":7,"GridLines":6,"SnapToGrid":false,"NumDecimals":"0","ShowValue":true,"CustomStart":false,"NotApplicable":false,"MobileFirst":true},"QuestionDescription":"How likely would you be to vote for this candidate in an election? 1 indicates you would be very...","Choices":{"1":{"Display":"Vote Likelihood"}},"ChoiceOrder":["1"],"Validation":{"Settings":{"ForceResponse":"ON","ForceResponseType":"ON","Type":"None"}},"GradingData":[],"Language":[],"NextChoiceId":10,"NextAnswerId":1,"Labels":[],"QuestionID":"QID135"}},{"SurveyID":"SV_3L8PF6N8y3P41SK","Element":"SQ","PrimaryAttribute":"QID29","SecondaryAttribute":"Please carefully review the candidate for the U.S. House of Representatives detailed below. Then...","TertiaryAttribute":null,"Payload":{"ChoiceOrder":[],"Configuration":{"QuestionDescriptionOption":"UseText"},"DataExportTag":"cac_test","DataVisibility":{"Hidden":false,"Private":false},"DefaultChoices":false,"GradingData":[],"Language":[],"NextAnswerId":1,"NextChoiceId":3,"QuestionDescription":"Please carefully review the candidate for the U.S. House of Representatives detailed below. Then...","QuestionID":"QID29","QuestionText":"<p dir=\"ltr\"><span style=\"font-size:16px;\"><b><\/b><\/span><\/p><p dir=\"ltr\">Please carefully review the candidate for the U.S. House of Representatives detailed below. Then please answer the question about the candidate below.\n<\/p><p dir=\"ltr\"><br><\/p>\n\n<table style=\"width:600px;\" cellspacing=\"1\" cellpadding=\"1\" border=\"1\">\n\t<tbody>\n\t\t<tr>\n\t\t\t<td>&nbsp;<\/td>\n\t\t\t<td><span style=\"font-size: 16px;\"><b>Candidate<\/b><\/span><\/td>\n\t\t<\/tr>\n\t\t<tr>\n\t\t\t<td><span style=\"font-size:16px;\"><b>Religion<\/b><\/span><\/td>\n\t\t\t<td><span style=\"font-size:16px;\">Evangelical Protestant<\/span><\/td>\n\t\t<\/tr>\n\t\t<tr>\n\t\t\t<td><span style=\"font-size:16px;\"><b>Profession<\/b><\/span><\/td>\n\t\t\t<td>\n\t\t\t<p><span style=\"font-size: 16px;\">Farmer<\/span><\/p>\n\t\t\t<\/td>\n\t\t<\/tr>\n\t\t<tr>\n\t\t\t<td><span style=\"font-size:16px;\"><b>Age<\/b><\/span><\/td>\n\t\t\t<td><span style=\"font-size: 16px;\">68<\/span><\/td>\n\t\t<\/tr>\n\t\t<tr>\n\t\t\t<td><span style=\"font-size:16px;\"><b>Annual Income<\/b><\/span><\/td>\n\t\t\t<td>\n\t\t\t<p><span style=\"font-size:16px;\">$54,000<\/span><\/p>\n\t\t\t<\/td>\n\t\t<\/tr>\n\t\t<tr>\n\t\t\t<td><span style=\"font-size:16px;\"><b>Race \/ Ethnicity<\/b><\/span><\/td>\n\t\t\t<td><span style=\"font-size:16px;\">White<\/span><\/td>\n\t\t<\/tr>\n\t\t<tr>\n\t\t\t<td><span style=\"font-size: 16px;\"><b>Gender<\/b><\/span><\/td>\n\t\t\t<td>\n\t\t\t<p><span style=\"font-size:16px;\">Man<\/span><\/p>\n\t\t\t<\/td>\n\t\t<\/tr>\n\t\t<tr>\n\t\t\t<td><span style=\"font-size:16px;\"><b>Military Service<\/b><\/span><\/td>\n\t\t\t<td>\n\t\t\t<p><span style=\"font-size:16px;\">Served in U.S. military<\/span><\/p>\n\t\t\t<\/td>\n\t\t<\/tr>\n\t\t<tr>\n\t\t\t<td><span style=\"font-size:16px;\"><b>College Education<\/b><\/span><\/td>\n\t\t\t<td><span style=\"font-size:16px;\">BA from a small college<\/span><\/td>\n\t\t<\/tr>\n\t\t<tr>\n\t\t\t<td><span style=\"font-size:16px;\"><strong>Support Among Independents<\/strong><\/span><\/td>\n\t\t\t<td><span style=\"font-size:16px;\">50%<\/span><\/td>\n\t\t<\/tr>\n\t<\/tbody>\n<\/table>","QuestionText_Unsafe":"<p dir=\"ltr\"><span style=\"font-size:16px;\"><b><\/b><\/span><\/p>Please carefully review the candidate for the U.S. House of Representatives detailed below. Then please answer the question about the candidate below. \n\n<p dir=\"ltr\">&nbsp;<\/p>\n\n<table border=\"1\" cellpadding=\"1\" cellspacing=\"1\" style=\"width:600px;\">\n\t<tbody>\n\t\t<tr>\n\t\t\t<td>&nbsp;<\/td>\n\t\t\t<td><span style=\"font-size: 16px;\"><b>Candidate<\/b><\/span><\/td>\n\t\t<\/tr>\n\t\t<tr>\n\t\t\t<td><span style=\"font-size:16px;\"><b>Religion<\/b><\/span><\/td>\n\t\t\t<td><span style=\"font-size:16px;\">Evangelical Protestant<\/span><\/td>\n\t\t<\/tr>\n\t\t<tr>\n\t\t\t<td><span style=\"font-size:16px;\"><b>Profession<\/b><\/span><\/td>\n\t\t\t<td>\n\t\t\t<p><span style=\"font-size: 16px;\">Farmer<\/span><\/p>\n\t\t\t<\/td>\n\t\t<\/tr>\n\t\t<tr>\n\t\t\t<td><span style=\"font-size:16px;\"><b>Age<\/b><\/span><\/td>\n\t\t\t<td><span style=\"font-size: 16px;\">68<\/span><\/td>\n\t\t<\/tr>\n\t\t<tr>\n\t\t\t<td><span style=\"font-size:16px;\"><b>Annual Income<\/b><\/span><\/td>\n\t\t\t<td>\n\t\t\t<p><span style=\"font-size:16px;\">$54,000<\/span><\/p>\n\t\t\t<\/td>\n\t\t<\/tr>\n\t\t<tr>\n\t\t\t<td><span style=\"font-size:16px;\"><b>Race \/ Ethnicity<\/b><\/span><\/td>\n\t\t\t<td><span style=\"font-size:16px;\">White<\/span><\/td>\n\t\t<\/tr>\n\t\t<tr>\n\t\t\t<td><span style=\"font-size: 16px;\"><b>Gender<\/b><\/span><\/td>\n\t\t\t<td>\n\t\t\t<p><span style=\"font-size:16px;\">Man<\/span><\/p>\n\t\t\t<\/td>\n\t\t<\/tr>\n\t\t<tr>\n\t\t\t<td><span style=\"font-size:16px;\"><b>Military Service<\/b><\/span><\/td>\n\t\t\t<td>\n\t\t\t<p><span style=\"font-size:16px;\">Served in U.S. military<\/span><\/p>\n\t\t\t<\/td>\n\t\t<\/tr>\n\t\t<tr>\n\t\t\t<td><span style=\"font-size:16px;\"><b>College Education<\/b><\/span><\/td>\n\t\t\t<td><span style=\"font-size:16px;\">BA from a small college<\/span><\/td>\n\t\t<\/tr>\n\t\t<tr>\n\t\t\t<td><span style=\"font-size:16px;\"><strong>Support Among Independents<\/strong><\/span><\/td>\n\t\t\t<td><span style=\"font-size:16px;\">50%<\/span><\/td>\n\t\t<\/tr>\n\t<\/tbody>\n<\/table>","QuestionType":"DB","Selector":"TB","Validation":{"Settings":{"Type":"None"}}}},{"SurveyID":"SV_3L8PF6N8y3P41SK","Element":"SQ","PrimaryAttribute":"QID63","SecondaryAttribute":"Please carefully review the candidate for the U.S. House of Representatives detailed below. Then...","TertiaryAttribute":null,"Payload":{"QuestionText":"<p dir=\"ltr\"><span style=\"font-size:16px;\"><b><\/b><\/span><\/p>Please carefully review the candidate for the U.S. House of Representatives detailed below. Then please answer the question about the candidate below. \n\n<p dir=\"ltr\">&nbsp;<\/p>\n\n<table align=\"left\" border=\"1\" cellpadding=\"1\" cellspacing=\"1\" style=\"width:600px;\">\n\t<tbody>\n\t\t<tr>\n\t\t\t<td>&nbsp;<\/td>\n\t\t\t<td><span style=\"font-size: 16px;\"><b>Candidate<\/b><\/span><\/td>\n\t\t<\/tr>\n\t\t<tr>\n\t\t\t<td><span style=\"font-size: 16px;\"><b>Religion<\/b><\/span><\/td>\n\t\t\t<td><span style=\"font-size:16px;\">${e:\/\/Field\/religion1}<\/span><\/td>\n\t\t<\/tr>\n\t\t<tr>\n\t\t\t<td><span style=\"font-size:16px;\"><b>Profession<\/b><\/span><\/td>\n\t\t\t<td><span style=\"font-size:16px;\">${e:\/\/Field\/profession1}<\/span><\/td>\n\t\t<\/tr>\n\t\t<tr>\n\t\t\t<td><span style=\"font-size:16px;\"><b>Age<\/b><\/span><\/td>\n\t\t\t<td><span style=\"font-size:16px;\">${e:\/\/Field\/age1}<\/span><\/td>\n\t\t<\/tr>\n\t\t<tr>\n\t\t\t<td><span style=\"font-size:16px;\"><b>Annual Income<\/b><\/span><\/td>\n\t\t\t<td><span style=\"font-size:16px;\">${e:\/\/Field\/income1}<\/span><\/td>\n\t\t<\/tr>\n\t\t<tr>\n\t\t\t<td><span style=\"font-size:16px;\"><b>Race \/ Ethnicity<\/b><\/span><\/td>\n\t\t\t<td><span style=\"font-size:16px;\">${e:\/\/Field\/race1}<\/span><\/td>\n\t\t<\/tr>\n\t\t<tr>\n\t\t\t<td><span style=\"font-size:16px;\"><b>Gender<\/b><\/span><\/td>\n\t\t\t<td><span style=\"font-size:16px;\">${e:\/\/Field\/gender1}<\/span><\/td>\n\t\t<\/tr>\n\t\t<tr>\n\t\t\t<td><span style=\"font-size:16px;\"><b>Military Service<\/b><\/span><\/td>\n\t\t\t<td><span style=\"font-size:16px;\">${e:\/\/Field\/military1} in U.S. military<\/span><\/td>\n\t\t<\/tr>\n\t\t<tr>\n\t\t\t<td><span style=\"font-size:16px;\"><b>College Education<\/b><\/span><\/td>\n\t\t\t<td><span style=\"font-size:16px;\">${e:\/\/Field\/college1}<\/span><\/td>\n\t\t<\/tr>\n\t\t<tr>\n\t\t\t<td><span style=\"font-size:16px;\"><strong>Support Among Independents<\/strong><\/span><\/td>\n\t\t\t<td><span style=\"font-size:16px;\">${e:\/\/Field\/inds1}%<\/span><\/td>\n\t\t<\/tr>\n\t<\/tbody>\n<\/table>","DefaultChoices":false,"QuestionType":"DB","Selector":"TB","DataVisibility":{"Private":false,"Hidden":false},"Configuration":{"QuestionDescriptionOption":"UseText"},"QuestionDescription":"Please carefully review the candidate for the U.S. House of Representatives detailed below. Then...","ChoiceOrder":[],"Validation":{"Settings":{"Type":"None"}},"GradingData":[],"Language":[],"NextChoiceId":3,"NextAnswerId":1,"QuestionText_Unsafe":"<p dir=\"ltr\"><b>Please read the descriptions of the potential immigrants carefully. Then, please indicate which of the two immigrants you would personally prefer to see admitted to the United States.<\/b><\/p>\n\n<p dir=\"ltr\">&nbsp;<\/p>\n\n<table border=\"1\" cellpadding=\"1\" cellspacing=\"1\" style=\"width:700px;\">\n\t<tbody>\n\t\t<tr>\n\t\t\t<td>&nbsp;<\/td>\n\t\t\t<td><span style=\"font-size: 16px;\"><b>Immigrant 1<\/b><\/span><\/td>\n\t\t\t<td><span style=\"font-size:16px;\"><b>Immigrant 2<\/b><\/span><\/td>\n\t\t<\/tr>\n\t\t<tr>\n\t\t\t<td><span style=\"font-size:16px;\"><b>Prior Trips to the U.S.&nbsp;<\/b><\/span><\/td>\n\t\t\t<td><span style=\"font-size:16px;\">&nbsp;<\/span><\/td>\n\t\t\t<td><span style=\"font-size:16px;\">&nbsp;<\/span><\/td>\n\t\t<\/tr>\n\t\t<tr>\n\t\t\t<td><span style=\"font-size:16px;\"><b>Reason for Application<\/b><\/span><\/td>\n\t\t\t<td>&nbsp;<\/td>\n\t\t\t<td>&nbsp;<\/td>\n\t\t<\/tr>\n\t\t<tr>\n\t\t\t<td><span style=\"font-size:16px;\"><b>Country of Original<\/b><\/span><\/td>\n\t\t\t<td><span style=\"font-size:16px;\">&nbsp;<\/span><\/td>\n\t\t\t<td><span style=\"font-size:16px;\">&nbsp;<\/span><\/td>\n\t\t<\/tr>\n\t\t<tr>\n\t\t\t<td><span style=\"font-size: 16px;\"><b>Language Skills<\/b><\/span><\/td>\n\t\t\t<td><br><\/td>\n\t\t\t<td><span style=\"font-size:16px;\">&nbsp;<\/span><\/td>\n\t\t<\/tr>\n\t\t<tr>\n\t\t\t<td><span style=\"font-size: 16px;\"><b>Profession<\/b><\/span><\/td>\n\t\t\t<td>&nbsp;<\/td>\n\t\t\t<td>&nbsp;<\/td>\n\t\t<\/tr>\n\t\t<tr>\n\t\t\t<td><span style=\"font-size: 16px;\"><b>Job&nbsp;Experience<\/b><\/span><\/td>\n\t\t\t<td>&nbsp;<\/td>\n\t\t\t<td>&nbsp;<\/td>\n\t\t<\/tr>\n\t\t<tr>\n\t\t\t<td><span style=\"font-size: 16px;\"><b>Employment Plans<\/b><\/span><\/td>\n\t\t\t<td><br><\/td>\n\t\t\t<td><br><\/td>\n\t\t<\/tr>\n\t\t<tr>\n\t\t\t<td><span style=\"font-size: 16px;\"><b>Education Level<\/b><\/span><\/td>\n\t\t\t<td>&nbsp;<\/td>\n\t\t\t<td>&nbsp;<\/td>\n\t\t<\/tr>\n\t\t<tr>\n\t\t\t<td><span style=\"font-size: 16px;\"><b>Gender<\/b><\/span><\/td>\n\t\t\t<td>&nbsp;<\/td>\n\t\t\t<td>&nbsp;<\/td>\n\t\t<\/tr>\n\t<\/tbody>\n<\/table>\n<br>","DataExportTag":"task1","QuestionID":"QID63"}},{"SurveyID":"SV_3L8PF6N8y3P41SK","Element":"SQ","PrimaryAttribute":"QID123","SecondaryAttribute":"Please carefully review the candidate for the U.S. House of Representatives detailed below. Then...","TertiaryAttribute":null,"Payload":{"QuestionText":"<p dir=\"ltr\"><span style=\"font-size:16px;\"><b><\/b><\/span><\/p>Please carefully review the candidate for the U.S. House of Representatives detailed below. Then please answer the question about the candidate below. \n\n<p dir=\"ltr\">&nbsp;<\/p>\n\n<table align=\"left\" border=\"1\" cellpadding=\"1\" cellspacing=\"1\" style=\"width:600px;\">\n\t<tbody>\n\t\t<tr>\n\t\t\t<td>&nbsp;<\/td>\n\t\t\t<td><span style=\"font-size: 16px;\"><b>Candidate<\/b><\/span><\/td>\n\t\t<\/tr>\n\t\t<tr>\n\t\t\t<td><span style=\"font-size: 16px;\"><b>Religion<\/b><\/span><\/td>\n\t\t\t<td><span style=\"font-size:16px;\">${e:\/\/Field\/religion2}<\/span><\/td>\n\t\t<\/tr>\n\t\t<tr>\n\t\t\t<td><span style=\"font-size:16px;\"><b>Profession<\/b><\/span><\/td>\n\t\t\t<td><span style=\"font-size:16px;\">${e:\/\/Field\/profession2}<\/span><\/td>\n\t\t<\/tr>\n\t\t<tr>\n\t\t\t<td><span style=\"font-size:16px;\"><b>Age<\/b><\/span><\/td>\n\t\t\t<td><span style=\"font-size:16px;\">${e:\/\/Field\/age2}<\/span><\/td>\n\t\t<\/tr>\n\t\t<tr>\n\t\t\t<td><span style=\"font-size:16px;\"><b>Annual Income<\/b><\/span><\/td>\n\t\t\t<td><span style=\"font-size:16px;\">${e:\/\/Field\/income2}<\/span><\/td>\n\t\t<\/tr>\n\t\t<tr>\n\t\t\t<td><span style=\"font-size:16px;\"><b>Race \/ Ethnicity<\/b><\/span><\/td>\n\t\t\t<td><span style=\"font-size:16px;\">${e:\/\/Field\/race2}<\/span><\/td>\n\t\t<\/tr>\n\t\t<tr>\n\t\t\t<td><span style=\"font-size:16px;\"><b>Gender<\/b><\/span><\/td>\n\t\t\t<td><span style=\"font-size:16px;\">${e:\/\/Field\/gender2}<\/span><\/td>\n\t\t<\/tr>\n\t\t<tr>\n\t\t\t<td><span style=\"font-size:16px;\"><b>Military Service<\/b><\/span><\/td>\n\t\t\t<td><span style=\"font-size:16px;\">${e:\/\/Field\/military2} in U.S. military<\/span><\/td>\n\t\t<\/tr>\n\t\t<tr>\n\t\t\t<td><span style=\"font-size:16px;\"><b>College Education<\/b><\/span><\/td>\n\t\t\t<td><span style=\"font-size:16px;\">${e:\/\/Field\/college2}<\/span><\/td>\n\t\t<\/tr>\n\t\t<tr>\n\t\t\t<td><span style=\"font-size:16px;\"><strong>Support Among Independents<\/strong><\/span><\/td>\n\t\t\t<td><span style=\"font-size:16px;\">${e:\/\/Field\/inds2}%<\/span><\/td>\n\t\t<\/tr>\n\t<\/tbody>\n<\/table>","DefaultChoices":false,"QuestionType":"DB","Selector":"TB","DataVisibility":{"Private":false,"Hidden":false},"Configuration":{"QuestionDescriptionOption":"UseText"},"QuestionDescription":"Please carefully review the candidate for the U.S. House of Representatives detailed below. Then...","ChoiceOrder":[],"Validation":{"Settings":{"Type":"None"}},"GradingData":[],"Language":[],"NextChoiceId":3,"NextAnswerId":1,"QuestionText_Unsafe":"<p dir=\"ltr\"><span style=\"font-size:16px;\"><b>Please read the descriptions of the potential immigrants carefully. Then, please indicate which of the two immigrants you would personally prefer to see admitted to the United States.<\/b><\/span><\/p>\n\n<p dir=\"ltr\">&nbsp;<\/p>\n\n<table style=\"width:600px;\" cellspacing=\"1\" cellpadding=\"1\" border=\"1\" align=\"left\">\n\t<tbody>\n\t\t<tr>\n\t\t\t<td>&nbsp;<\/td>\n\t\t\t<td><span style=\"font-size: 16px;\"><b>Candidate<\/b><\/span><\/td>\n\t\t<\/tr>\n\t\t<tr>\n\t\t\t<td><span style=\"font-size: 16px;\"><b>Religion<\/b><\/span><\/td>\n\t\t\t<td><span style=\"font-size:16px;\">${e:\/\/Field\/religion1}<\/span><\/td>\n\t\t<\/tr>\n\t\t<tr>\n\t\t\t<td><span style=\"font-size:16px;\"><b>Profession<\/b><\/span><\/td>\n\t\t\t<td><span style=\"font-size:16px;\">${e:\/\/Field\/profession1}<\/span><\/td>\n\t\t<\/tr>\n\t\t<tr>\n\t\t\t<td><span style=\"font-size:16px;\"><b>Age<\/b><\/span><\/td>\n\t\t\t<td><span style=\"font-size:16px;\">${e:\/\/Field\/age1}<\/span><\/td>\n\t\t<\/tr>\n\t\t<tr>\n\t\t\t<td><span style=\"font-size:16px;\"><b>Annual Income<\/b><\/span><\/td>\n\t\t\t<td><span style=\"font-size:16px;\">${e:\/\/Field\/income1}<\/span><\/td>\n\t\t<\/tr>\n\t\t<tr>\n\t\t\t<td><span style=\"font-size:16px;\"><b>Race \/ Ethnicity<\/b><\/span><\/td>\n\t\t\t<td><span style=\"font-size:16px;\">${e:\/\/Field\/race1}<\/span><\/td>\n\t\t<\/tr>\n\t\t<tr>\n\t\t\t<td><span style=\"font-size:16px;\"><b>Gender<\/b><\/span><\/td>\n\t\t\t<td><span style=\"font-size:16px;\">${e:\/\/Field\/gender1}<\/span><\/td>\n\t\t<\/tr>\n\t\t<tr>\n\t\t\t<td><span style=\"font-size:16px;\"><b>Military Service<\/b><\/span><\/td>\n\t\t\t<td><span style=\"font-size:16px;\">${e:\/\/Field\/military1}<\/span><\/td>\n\t\t<\/tr>\n\t\t<tr>\n\t\t\t<td><span style=\"font-size:16px;\"><b>College Education<\/b><\/span><\/td>\n\t\t\t<td><span style=\"font-size:16px;\">${e:\/\/Field\/college1}<\/span><\/td>\n\t\t<\/tr>\n\t\t<tr>\n\t\t\t<td><span style=\"font-size:16px;\"><strong>Support Among Independents<\/strong><\/span><\/td>\n\t\t\t<td><span style=\"font-size:16px;\">${e:\/\/Field\/inds1}%<\/span><\/td>\n\t\t<\/tr>\n\t<\/tbody>\n<\/table>","DataExportTag":"task2","QuestionID":"QID123"}},{"SurveyID":"SV_3L8PF6N8y3P41SK","Element":"SQ","PrimaryAttribute":"QID125","SecondaryAttribute":"Please carefully review the candidate for the U.S. House of Representatives detailed below. Then...","TertiaryAttribute":null,"Payload":{"QuestionText":"<p dir=\"ltr\"><span style=\"font-size:16px;\"><b><\/b><\/span><\/p>Please carefully review the candidate for the U.S. House of Representatives detailed below. Then please answer the question about the candidate below. \n\n<p dir=\"ltr\">&nbsp;<\/p>\n\n<table align=\"left\" border=\"1\" cellpadding=\"1\" cellspacing=\"1\" style=\"width:600px;\">\n\t<tbody>\n\t\t<tr>\n\t\t\t<td>&nbsp;<\/td>\n\t\t\t<td><span style=\"font-size: 16px;\"><b>Candidate<\/b><\/span><\/td>\n\t\t<\/tr>\n\t\t<tr>\n\t\t\t<td><span style=\"font-size: 16px;\"><b>Religion<\/b><\/span><\/td>\n\t\t\t<td><span style=\"font-size:16px;\">${e:\/\/Field\/religion3}<\/span><\/td>\n\t\t<\/tr>\n\t\t<tr>\n\t\t\t<td><span style=\"font-size:16px;\"><b>Profession<\/b><\/span><\/td>\n\t\t\t<td><span style=\"font-size:16px;\">${e:\/\/Field\/profession3}<\/span><\/td>\n\t\t<\/tr>\n\t\t<tr>\n\t\t\t<td><span style=\"font-size:16px;\"><b>Age<\/b><\/span><\/td>\n\t\t\t<td><span style=\"font-size:16px;\">${e:\/\/Field\/age3}<\/span><\/td>\n\t\t<\/tr>\n\t\t<tr>\n\t\t\t<td><span style=\"font-size:16px;\"><b>Annual Income<\/b><\/span><\/td>\n\t\t\t<td><span style=\"font-size:16px;\">${e:\/\/Field\/income3}<\/span><\/td>\n\t\t<\/tr>\n\t\t<tr>\n\t\t\t<td><span style=\"font-size:16px;\"><b>Race \/ Ethnicity<\/b><\/span><\/td>\n\t\t\t<td><span style=\"font-size:16px;\">${e:\/\/Field\/race3}<\/span><\/td>\n\t\t<\/tr>\n\t\t<tr>\n\t\t\t<td><span style=\"font-size:16px;\"><b>Gender<\/b><\/span><\/td>\n\t\t\t<td><span style=\"font-size:16px;\">${e:\/\/Field\/gender3}<\/span><\/td>\n\t\t<\/tr>\n\t\t<tr>\n\t\t\t<td><span style=\"font-size:16px;\"><b>Military Service<\/b><\/span><\/td>\n\t\t\t<td><span style=\"font-size:16px;\">${e:\/\/Field\/military3} in U.S. military<\/span><\/td>\n\t\t<\/tr>\n\t\t<tr>\n\t\t\t<td><span style=\"font-size:16px;\"><b>College Education<\/b><\/span><\/td>\n\t\t\t<td><span style=\"font-size:16px;\">${e:\/\/Field\/college3}<\/span><\/td>\n\t\t<\/tr>\n\t\t<tr>\n\t\t\t<td><span style=\"font-size:16px;\"><strong>Support Among Independents<\/strong><\/span><\/td>\n\t\t\t<td><span style=\"font-size:16px;\">${e:\/\/Field\/inds3}%<\/span><\/td>\n\t\t<\/tr>\n\t<\/tbody>\n<\/table>","DefaultChoices":false,"QuestionType":"DB","Selector":"TB","DataVisibility":{"Private":false,"Hidden":false},"Configuration":{"QuestionDescriptionOption":"UseText"},"QuestionDescription":"Please carefully review the candidate for the U.S. House of Representatives detailed below. Then...","ChoiceOrder":[],"Validation":{"Settings":{"Type":"None"}},"GradingData":[],"Language":[],"NextChoiceId":3,"NextAnswerId":1,"QuestionText_Unsafe":"<p dir=\"ltr\"><span style=\"font-size:16px;\"><b>Please read the descriptions of the potential immigrants carefully. Then, please indicate which of the two immigrants you would personally prefer to see admitted to the United States.<\/b><\/span><\/p>\n\n<p dir=\"ltr\">&nbsp;<\/p>\n\n<table style=\"width:600px;\" cellspacing=\"1\" cellpadding=\"1\" border=\"1\" align=\"left\">\n\t<tbody>\n\t\t<tr>\n\t\t\t<td>&nbsp;<\/td>\n\t\t\t<td><span style=\"font-size: 16px;\"><b>Candidate<\/b><\/span><\/td>\n\t\t<\/tr>\n\t\t<tr>\n\t\t\t<td><span style=\"font-size: 16px;\"><b>Religion<\/b><\/span><\/td>\n\t\t\t<td><span style=\"font-size:16px;\">${e:\/\/Field\/religion1}<\/span><\/td>\n\t\t<\/tr>\n\t\t<tr>\n\t\t\t<td><span style=\"font-size:16px;\"><b>Profession<\/b><\/span><\/td>\n\t\t\t<td><span style=\"font-size:16px;\">${e:\/\/Field\/profession1}<\/span><\/td>\n\t\t<\/tr>\n\t\t<tr>\n\t\t\t<td><span style=\"font-size:16px;\"><b>Age<\/b><\/span><\/td>\n\t\t\t<td><span style=\"font-size:16px;\">${e:\/\/Field\/age1}<\/span><\/td>\n\t\t<\/tr>\n\t\t<tr>\n\t\t\t<td><span style=\"font-size:16px;\"><b>Annual Income<\/b><\/span><\/td>\n\t\t\t<td><span style=\"font-size:16px;\">${e:\/\/Field\/income1}<\/span><\/td>\n\t\t<\/tr>\n\t\t<tr>\n\t\t\t<td><span style=\"font-size:16px;\"><b>Race \/ Ethnicity<\/b><\/span><\/td>\n\t\t\t<td><span style=\"font-size:16px;\">${e:\/\/Field\/race1}<\/span><\/td>\n\t\t<\/tr>\n\t\t<tr>\n\t\t\t<td><span style=\"font-size:16px;\"><b>Gender<\/b><\/span><\/td>\n\t\t\t<td><span style=\"font-size:16px;\">${e:\/\/Field\/gender1}<\/span><\/td>\n\t\t<\/tr>\n\t\t<tr>\n\t\t\t<td><span style=\"font-size:16px;\"><b>Military Service<\/b><\/span><\/td>\n\t\t\t<td><span style=\"font-size:16px;\">${e:\/\/Field\/military1}<\/span><\/td>\n\t\t<\/tr>\n\t\t<tr>\n\t\t\t<td><span style=\"font-size:16px;\"><b>College Education<\/b><\/span><\/td>\n\t\t\t<td><span style=\"font-size:16px;\">${e:\/\/Field\/college1}<\/span><\/td>\n\t\t<\/tr>\n\t\t<tr>\n\t\t\t<td><span style=\"font-size:16px;\"><strong>Support Among Independents<\/strong><\/span><\/td>\n\t\t\t<td><span style=\"font-size:16px;\">${e:\/\/Field\/inds1}%<\/span><\/td>\n\t\t<\/tr>\n\t<\/tbody>\n<\/table>","DataExportTag":"task3","QuestionID":"QID125"}},{"SurveyID":"SV_3L8PF6N8y3P41SK","Element":"SQ","PrimaryAttribute":"QID127","SecondaryAttribute":"Please carefully review the candidate for the U.S. House of Representatives detailed below. Then...","TertiaryAttribute":null,"Payload":{"QuestionText":"<p dir=\"ltr\"><span style=\"font-size:16px;\"><b><\/b><\/span><\/p>Please carefully review the candidate for the U.S. House of Representatives detailed below. Then please answer the question about the candidate below. \n\n<p dir=\"ltr\">&nbsp;<\/p>\n\n<table style=\"width:600px;\" cellspacing=\"1\" cellpadding=\"1\" border=\"1\" align=\"left\">\n\t<tbody>\n\t\t<tr>\n\t\t\t<td>&nbsp;<\/td>\n\t\t\t<td><span style=\"font-size: 16px;\"><b>Candidate<\/b><\/span><\/td>\n\t\t<\/tr>\n\t\t<tr>\n\t\t\t<td><span style=\"font-size: 16px;\"><b>Religion<\/b><\/span><\/td>\n\t\t\t<td><span style=\"font-size:16px;\">${e:\/\/Field\/religion4}<\/span><\/td>\n\t\t<\/tr>\n\t\t<tr>\n\t\t\t<td><span style=\"font-size:16px;\"><b>Profession<\/b><\/span><\/td>\n\t\t\t<td><span style=\"font-size:16px;\">${e:\/\/Field\/profession4}<\/span><\/td>\n\t\t<\/tr>\n\t\t<tr>\n\t\t\t<td><span style=\"font-size:16px;\"><b>Age<\/b><\/span><\/td>\n\t\t\t<td><span style=\"font-size:16px;\">${e:\/\/Field\/age4}<\/span><\/td>\n\t\t<\/tr>\n\t\t<tr>\n\t\t\t<td><span style=\"font-size:16px;\"><b>Annual Income<\/b><\/span><\/td>\n\t\t\t<td><span style=\"font-size:16px;\">${e:\/\/Field\/income4}<\/span><\/td>\n\t\t<\/tr>\n\t\t<tr>\n\t\t\t<td><span style=\"font-size:16px;\"><b>Race \/ Ethnicity<\/b><\/span><\/td>\n\t\t\t<td><span style=\"font-size:16px;\">${e:\/\/Field\/race4}<\/span><\/td>\n\t\t<\/tr>\n\t\t<tr>\n\t\t\t<td><span style=\"font-size:16px;\"><b>Gender<\/b><\/span><\/td>\n\t\t\t<td><span style=\"font-size:16px;\">${e:\/\/Field\/gender4}<\/span><\/td>\n\t\t<\/tr>\n\t\t<tr>\n\t\t\t<td><span style=\"font-size:16px;\"><b>Military Service<\/b><\/span><\/td>\n\t\t\t<td><span style=\"font-size:16px;\">${e:\/\/Field\/military4} in U.S. military<\/span><\/td>\n\t\t<\/tr>\n\t\t<tr>\n\t\t\t<td><span style=\"font-size:16px;\"><b>College Education<\/b><\/span><\/td>\n\t\t\t<td><span style=\"font-size:16px;\">${e:\/\/Field\/college4}<\/span><\/td>\n\t\t<\/tr>\n\t\t<tr>\n\t\t\t<td><span style=\"font-size:16px;\"><strong>Support Among Independents<\/strong><\/span><\/td>\n\t\t\t<td><span style=\"font-size:16px;\">${e:\/\/Field\/inds4}%<\/span><\/td>\n\t\t<\/tr>\n\t<\/tbody>\n<\/table>","DefaultChoices":false,"QuestionType":"DB","Selector":"TB","DataVisibility":{"Private":false,"Hidden":false},"Configuration":{"QuestionDescriptionOption":"UseText"},"QuestionDescription":"Please carefully review the candidate for the U.S. House of Representatives detailed below. Then...","ChoiceOrder":[],"Validation":{"Settings":{"Type":"None"}},"GradingData":[],"Language":[],"NextChoiceId":3,"NextAnswerId":1,"QuestionText_Unsafe":"<p dir=\"ltr\"><span style=\"font-size:16px;\"><b>Please read the descriptions of the potential immigrants carefully. Then, please indicate which of the two immigrants you would personally prefer to see admitted to the United States.<\/b><\/span><\/p>\n\n<p dir=\"ltr\">&nbsp;<\/p>\n\n<table align=\"left\" border=\"1\" cellpadding=\"1\" cellspacing=\"1\" style=\"width:600px;\">\n\t<tbody>\n\t\t<tr>\n\t\t\t<td>&nbsp;<\/td>\n\t\t\t<td><span style=\"font-size: 16px;\"><b>Candidate<\/b><\/span><\/td>\n\t\t<\/tr>\n\t\t<tr>\n\t\t\t<td><span style=\"font-size: 16px;\"><b>Religion<\/b><\/span><\/td>\n\t\t\t<td><span style=\"font-size:16px;\">${e:\/\/Field\/religion3}<\/span><\/td>\n\t\t<\/tr>\n\t\t<tr>\n\t\t\t<td><span style=\"font-size:16px;\"><b>Profession<\/b><\/span><\/td>\n\t\t\t<td><span style=\"font-size:16px;\">${e:\/\/Field\/profession3}<\/span><\/td>\n\t\t<\/tr>\n\t\t<tr>\n\t\t\t<td><span style=\"font-size:16px;\"><b>Age<\/b><\/span><\/td>\n\t\t\t<td><span style=\"font-size:16px;\">${e:\/\/Field\/age3}<\/span><\/td>\n\t\t<\/tr>\n\t\t<tr>\n\t\t\t<td><span style=\"font-size:16px;\"><b>Annual Income<\/b><\/span><\/td>\n\t\t\t<td><span style=\"font-size:16px;\">${e:\/\/Field\/income3}<\/span><\/td>\n\t\t<\/tr>\n\t\t<tr>\n\t\t\t<td><span style=\"font-size:16px;\"><b>Race \/ Ethnicity<\/b><\/span><\/td>\n\t\t\t<td><span style=\"font-size:16px;\">${e:\/\/Field\/race3}<\/span><\/td>\n\t\t<\/tr>\n\t\t<tr>\n\t\t\t<td><span style=\"font-size:16px;\"><b>Gender<\/b><\/span><\/td>\n\t\t\t<td><span style=\"font-size:16px;\">${e:\/\/Field\/gender3}<\/span><\/td>\n\t\t<\/tr>\n\t\t<tr>\n\t\t\t<td><span style=\"font-size:16px;\"><b>Military Service<\/b><\/span><\/td>\n\t\t\t<td><span style=\"font-size:16px;\">${e:\/\/Field\/military3}<\/span><\/td>\n\t\t<\/tr>\n\t\t<tr>\n\t\t\t<td><span style=\"font-size:16px;\"><b>College Education<\/b><\/span><\/td>\n\t\t\t<td><span style=\"font-size:16px;\">${e:\/\/Field\/college3}<\/span><\/td>\n\t\t<\/tr>\n\t\t<tr>\n\t\t\t<td><span style=\"font-size:16px;\"><strong>Support Among Independents<\/strong><\/span><\/td>\n\t\t\t<td><span style=\"font-size:16px;\">${e:\/\/Field\/inds3}%<\/span><\/td>\n\t\t<\/tr>\n\t<\/tbody>\n<\/table>","DataExportTag":"task4","QuestionID":"QID127"}},{"SurveyID":"SV_3L8PF6N8y3P41SK","Element":"SQ","PrimaryAttribute":"QID129","SecondaryAttribute":"Please carefully review the candidate for the U.S. House of Representatives detailed below. Then...","TertiaryAttribute":null,"Payload":{"QuestionText":"<p dir=\"ltr\"><span style=\"font-size:16px;\"><b><\/b><\/span><\/p>Please carefully review the candidate for the U.S. House of Representatives detailed below. Then please answer the question about the candidate below. \n\n<p dir=\"ltr\">&nbsp;<\/p>\n\n<table style=\"width:600px;\" cellspacing=\"1\" cellpadding=\"1\" border=\"1\" align=\"left\">\n\t<tbody>\n\t\t<tr>\n\t\t\t<td>&nbsp;<\/td>\n\t\t\t<td><span style=\"font-size: 16px;\"><b>Candidate<\/b><\/span><\/td>\n\t\t<\/tr>\n\t\t<tr>\n\t\t\t<td><span style=\"font-size: 16px;\"><b>Religion<\/b><\/span><\/td>\n\t\t\t<td><span style=\"font-size:16px;\">${e:\/\/Field\/religion5}<\/span><\/td>\n\t\t<\/tr>\n\t\t<tr>\n\t\t\t<td><span style=\"font-size:16px;\"><b>Profession<\/b><\/span><\/td>\n\t\t\t<td><span style=\"font-size:16px;\">${e:\/\/Field\/profession5}<\/span><\/td>\n\t\t<\/tr>\n\t\t<tr>\n\t\t\t<td><span style=\"font-size:16px;\"><b>Age<\/b><\/span><\/td>\n\t\t\t<td><span style=\"font-size:16px;\">${e:\/\/Field\/age5}<\/span><\/td>\n\t\t<\/tr>\n\t\t<tr>\n\t\t\t<td><span style=\"font-size:16px;\"><b>Annual Income<\/b><\/span><\/td>\n\t\t\t<td><span style=\"font-size:16px;\">${e:\/\/Field\/income5}<\/span><\/td>\n\t\t<\/tr>\n\t\t<tr>\n\t\t\t<td><span style=\"font-size:16px;\"><b>Race \/ Ethnicity<\/b><\/span><\/td>\n\t\t\t<td><span style=\"font-size:16px;\">${e:\/\/Field\/race5}<\/span><\/td>\n\t\t<\/tr>\n\t\t<tr>\n\t\t\t<td><span style=\"font-size:16px;\"><b>Gender<\/b><\/span><\/td>\n\t\t\t<td><span style=\"font-size:16px;\">${e:\/\/Field\/gender5}<\/span><\/td>\n\t\t<\/tr>\n\t\t<tr>\n\t\t\t<td><span style=\"font-size:16px;\"><b>Military Service<\/b><\/span><\/td>\n\t\t\t<td><span style=\"font-size:16px;\">${e:\/\/Field\/military5} in U.S. military<\/span><\/td>\n\t\t<\/tr>\n\t\t<tr>\n\t\t\t<td><span style=\"font-size:16px;\"><b>College Education<\/b><\/span><\/td>\n\t\t\t<td><span style=\"font-size:16px;\">${e:\/\/Field\/college5}<\/span><\/td>\n\t\t<\/tr>\n\t\t<tr>\n\t\t\t<td><span style=\"font-size:16px;\"><strong>Support Among Independents<\/strong><\/span><\/td>\n\t\t\t<td><span style=\"font-size:16px;\">${e:\/\/Field\/inds5}%<\/span><\/td>\n\t\t<\/tr>\n\t<\/tbody>\n<\/table>","DefaultChoices":false,"QuestionType":"DB","Selector":"TB","DataVisibility":{"Private":false,"Hidden":false},"Configuration":{"QuestionDescriptionOption":"UseText"},"QuestionDescription":"Please carefully review the candidate for the U.S. House of Representatives detailed below. Then...","ChoiceOrder":[],"Validation":{"Settings":{"Type":"None"}},"GradingData":[],"Language":[],"NextChoiceId":3,"NextAnswerId":1,"QuestionText_Unsafe":"<p dir=\"ltr\"><span style=\"font-size:16px;\"><b>Please read the descriptions of the potential immigrants carefully. Then, please indicate which of the two immigrants you would personally prefer to see admitted to the United States.<\/b><\/span><\/p>\n\n<p dir=\"ltr\">&nbsp;<\/p>\n\n<table align=\"left\" border=\"1\" cellpadding=\"1\" cellspacing=\"1\" style=\"width:600px;\">\n\t<tbody>\n\t\t<tr>\n\t\t\t<td>&nbsp;<\/td>\n\t\t\t<td><span style=\"font-size: 16px;\"><b>Candidate<\/b><\/span><\/td>\n\t\t<\/tr>\n\t\t<tr>\n\t\t\t<td><span style=\"font-size: 16px;\"><b>Religion<\/b><\/span><\/td>\n\t\t\t<td><span style=\"font-size:16px;\">${e:\/\/Field\/religion3}<\/span><\/td>\n\t\t<\/tr>\n\t\t<tr>\n\t\t\t<td><span style=\"font-size:16px;\"><b>Profession<\/b><\/span><\/td>\n\t\t\t<td><span style=\"font-size:16px;\">${e:\/\/Field\/profession3}<\/span><\/td>\n\t\t<\/tr>\n\t\t<tr>\n\t\t\t<td><span style=\"font-size:16px;\"><b>Age<\/b><\/span><\/td>\n\t\t\t<td><span style=\"font-size:16px;\">${e:\/\/Field\/age3}<\/span><\/td>\n\t\t<\/tr>\n\t\t<tr>\n\t\t\t<td><span style=\"font-size:16px;\"><b>Annual Income<\/b><\/span><\/td>\n\t\t\t<td><span style=\"font-size:16px;\">${e:\/\/Field\/income3}<\/span><\/td>\n\t\t<\/tr>\n\t\t<tr>\n\t\t\t<td><span style=\"font-size:16px;\"><b>Race \/ Ethnicity<\/b><\/span><\/td>\n\t\t\t<td><span style=\"font-size:16px;\">${e:\/\/Field\/race3}<\/span><\/td>\n\t\t<\/tr>\n\t\t<tr>\n\t\t\t<td><span style=\"font-size:16px;\"><b>Gender<\/b><\/span><\/td>\n\t\t\t<td><span style=\"font-size:16px;\">${e:\/\/Field\/gender3}<\/span><\/td>\n\t\t<\/tr>\n\t\t<tr>\n\t\t\t<td><span style=\"font-size:16px;\"><b>Military Service<\/b><\/span><\/td>\n\t\t\t<td><span style=\"font-size:16px;\">${e:\/\/Field\/military3}<\/span><\/td>\n\t\t<\/tr>\n\t\t<tr>\n\t\t\t<td><span style=\"font-size:16px;\"><b>College Education<\/b><\/span><\/td>\n\t\t\t<td><span style=\"font-size:16px;\">${e:\/\/Field\/college3}<\/span><\/td>\n\t\t<\/tr>\n\t\t<tr>\n\t\t\t<td><span style=\"font-size:16px;\"><strong>Support Among Independents<\/strong><\/span><\/td>\n\t\t\t<td><span style=\"font-size:16px;\">${e:\/\/Field\/inds3}%<\/span><\/td>\n\t\t<\/tr>\n\t<\/tbody>\n<\/table>","DataExportTag":"task5","QuestionID":"QID129"}},{"SurveyID":"SV_3L8PF6N8y3P41SK","Element":"SQ","PrimaryAttribute":"QID137","SecondaryAttribute":"This is an example Qualtrics survey to implement the 1-profile CAC design on candidate choice wit...","TertiaryAttribute":null,"Payload":{"ChoiceOrder":[],"Configuration":{"QuestionDescriptionOption":"UseText"},"DataExportTag":"readme","DataVisibility":{"Hidden":false,"Private":false},"DefaultChoices":false,"GradingData":[],"Language":[],"NextAnswerId":1,"NextChoiceId":4,"QuestionDescription":"This is an example Qualtrics survey to implement the 1-profile CAC design on candidate choice wit...","QuestionID":"QID137","QuestionText":"This is an example Qualtrics survey to implement the 1-profile CAC design on candidate choice with 5 randomized conjoint tasks (6 including the static CAC table) and with rating outcomes. Edit the tables below based on the attributes in your design and change the embedded data fields in the survey flow accordingly. Make sure to also edit the CAC Questions based on the attributes in your design.&nbsp;","QuestionText_Unsafe":"This is an example Qualtrics survey to implement the 2-profile CAC design for a study on immigration with 5 randomized conjoint tasks (6 including the static CAC table) and with both binary choice and rating outcomes. Edit the tables below based on the attributes in your design and change the embedded data fields in the survey flow accordingly. Make sure to also edit the CAC Questions based on the attributes in your design.&nbsp;","QuestionType":"DB","Selector":"TB","Validation":{"Settings":{"Type":"None"}}}},{"SurveyID":"SV_3L8PF6N8y3P41SK","Element":"SQ","PrimaryAttribute":"QID60","SecondaryAttribute":"What was the candidate's gender?","TertiaryAttribute":null,"Payload":{"QuestionText":"What was the candidate's gender?","DefaultChoices":false,"DataExportTag":"cac2","QuestionType":"MC","Selector":"SAVR","SubSelector":"TX","Configuration":{"QuestionDescriptionOption":"UseText"},"QuestionDescription":"What was the candidate's gender?","Choices":{"1":{"Display":"Woman"},"4":{"Display":"Man"},"5":{"Display":"Non-binary"},"7":{"Display":"Gender was not mentioned"}},"ChoiceOrder":["1","4","5","7"],"Validation":{"Settings":{"ForceResponse":"ON","ForceResponseType":"ON","Type":"None"}},"GradingData":[],"Language":[],"NextChoiceId":8,"NextAnswerId":1,"QuestionID":"QID60","DataVisibility":{"Private":false,"Hidden":false}}},{"SurveyID":"SV_3L8PF6N8y3P41SK","Element":"SQ","PrimaryAttribute":"QID61","SecondaryAttribute":"What was the candidate's political party?","TertiaryAttribute":null,"Payload":{"QuestionText":"What was the candidate's political party?","DefaultChoices":false,"DataExportTag":"cac3","QuestionType":"MC","Selector":"SAVR","SubSelector":"TX","Configuration":{"QuestionDescriptionOption":"UseText"},"QuestionDescription":"What was the candidate's political party?","Choices":{"1":{"Display":"Democrat"},"4":{"Display":"Republican"},"5":{"Display":"Independent"},"6":{"Display":"Political party was not mentioned"}},"ChoiceOrder":["1","4","5","6"],"Validation":{"Settings":{"ForceResponse":"ON","ForceResponseType":"ON","Type":"None"}},"GradingData":[],"Language":[],"NextChoiceId":7,"NextAnswerId":1,"QuestionID":"QID61","DataVisibility":{"Private":false,"Hidden":false}}}]}